// !$*UTF8*$!
{
	archiveVersion = 1;
	classes = {
	};
	objectVersion = 46;
	objects = {

/* Begin PBXBuildFile section */
		480FAC8E1A54358500C41BDA /* JSONKit.m in Sources */ = {isa = PBXBuildFile; fileRef = 480FAC8D1A54358500C41BDA /* JSONKit.m */; settings = {COMPILER_FLAGS = "-fno-objc-arc"; }; };
		482337D41A5D4EED00F35E44 /* base.png in Resources */ = {isa = PBXBuildFile; fileRef = 482337551A5D4EED00F35E44 /* base.png */; };
		482337D51A5D4EED00F35E44 /* d_move_0.png in Resources */ = {isa = PBXBuildFile; fileRef = 482337561A5D4EED00F35E44 /* d_move_0.png */; };
		482337D61A5D4EED00F35E44 /* d_move_1.png in Resources */ = {isa = PBXBuildFile; fileRef = 482337571A5D4EED00F35E44 /* d_move_1.png */; };
		482337D71A5D4EED00F35E44 /* d_move_10.png in Resources */ = {isa = PBXBuildFile; fileRef = 482337581A5D4EED00F35E44 /* d_move_10.png */; };
		482337D81A5D4EED00F35E44 /* d_move_11.png in Resources */ = {isa = PBXBuildFile; fileRef = 482337591A5D4EED00F35E44 /* d_move_11.png */; };
		482337D91A5D4EED00F35E44 /* d_move_12.png in Resources */ = {isa = PBXBuildFile; fileRef = 4823375A1A5D4EED00F35E44 /* d_move_12.png */; };
		482337DA1A5D4EED00F35E44 /* d_move_13.png in Resources */ = {isa = PBXBuildFile; fileRef = 4823375B1A5D4EED00F35E44 /* d_move_13.png */; };
		482337DB1A5D4EED00F35E44 /* d_move_14.png in Resources */ = {isa = PBXBuildFile; fileRef = 4823375C1A5D4EED00F35E44 /* d_move_14.png */; };
		482337DC1A5D4EED00F35E44 /* d_move_15.png in Resources */ = {isa = PBXBuildFile; fileRef = 4823375D1A5D4EED00F35E44 /* d_move_15.png */; };
		482337DD1A5D4EED00F35E44 /* d_move_16.png in Resources */ = {isa = PBXBuildFile; fileRef = 4823375E1A5D4EED00F35E44 /* d_move_16.png */; };
		482337DE1A5D4EED00F35E44 /* d_move_17.png in Resources */ = {isa = PBXBuildFile; fileRef = 4823375F1A5D4EED00F35E44 /* d_move_17.png */; };
		482337DF1A5D4EED00F35E44 /* d_move_18.png in Resources */ = {isa = PBXBuildFile; fileRef = 482337601A5D4EED00F35E44 /* d_move_18.png */; };
		482337E01A5D4EED00F35E44 /* d_move_19.png in Resources */ = {isa = PBXBuildFile; fileRef = 482337611A5D4EED00F35E44 /* d_move_19.png */; };
		482337E11A5D4EED00F35E44 /* d_move_2.png in Resources */ = {isa = PBXBuildFile; fileRef = 482337621A5D4EED00F35E44 /* d_move_2.png */; };
		482337E21A5D4EED00F35E44 /* d_move_20.png in Resources */ = {isa = PBXBuildFile; fileRef = 482337631A5D4EED00F35E44 /* d_move_20.png */; };
		482337E31A5D4EED00F35E44 /* d_move_21.png in Resources */ = {isa = PBXBuildFile; fileRef = 482337641A5D4EED00F35E44 /* d_move_21.png */; };
		482337E41A5D4EED00F35E44 /* d_move_22.png in Resources */ = {isa = PBXBuildFile; fileRef = 482337651A5D4EED00F35E44 /* d_move_22.png */; };
		482337E51A5D4EED00F35E44 /* d_move_23.png in Resources */ = {isa = PBXBuildFile; fileRef = 482337661A5D4EED00F35E44 /* d_move_23.png */; };
		482337E61A5D4EED00F35E44 /* d_move_24.png in Resources */ = {isa = PBXBuildFile; fileRef = 482337671A5D4EED00F35E44 /* d_move_24.png */; };
		482337E71A5D4EED00F35E44 /* d_move_25.png in Resources */ = {isa = PBXBuildFile; fileRef = 482337681A5D4EED00F35E44 /* d_move_25.png */; };
		482337E81A5D4EED00F35E44 /* d_move_26.png in Resources */ = {isa = PBXBuildFile; fileRef = 482337691A5D4EED00F35E44 /* d_move_26.png */; };
		482337E91A5D4EED00F35E44 /* d_move_27.png in Resources */ = {isa = PBXBuildFile; fileRef = 4823376A1A5D4EED00F35E44 /* d_move_27.png */; };
		482337EA1A5D4EED00F35E44 /* d_move_28.png in Resources */ = {isa = PBXBuildFile; fileRef = 4823376B1A5D4EED00F35E44 /* d_move_28.png */; };
		482337EB1A5D4EED00F35E44 /* d_move_29.png in Resources */ = {isa = PBXBuildFile; fileRef = 4823376C1A5D4EED00F35E44 /* d_move_29.png */; };
		482337EC1A5D4EED00F35E44 /* d_move_3.png in Resources */ = {isa = PBXBuildFile; fileRef = 4823376D1A5D4EED00F35E44 /* d_move_3.png */; };
		482337ED1A5D4EED00F35E44 /* d_move_30.png in Resources */ = {isa = PBXBuildFile; fileRef = 4823376E1A5D4EED00F35E44 /* d_move_30.png */; };
		482337EE1A5D4EED00F35E44 /* d_move_31.png in Resources */ = {isa = PBXBuildFile; fileRef = 4823376F1A5D4EED00F35E44 /* d_move_31.png */; };
		482337EF1A5D4EED00F35E44 /* d_move_32.png in Resources */ = {isa = PBXBuildFile; fileRef = 482337701A5D4EED00F35E44 /* d_move_32.png */; };
		482337F01A5D4EED00F35E44 /* d_move_33.png in Resources */ = {isa = PBXBuildFile; fileRef = 482337711A5D4EED00F35E44 /* d_move_33.png */; };
		482337F11A5D4EED00F35E44 /* d_move_34.png in Resources */ = {isa = PBXBuildFile; fileRef = 482337721A5D4EED00F35E44 /* d_move_34.png */; };
		482337F21A5D4EED00F35E44 /* d_move_35.png in Resources */ = {isa = PBXBuildFile; fileRef = 482337731A5D4EED00F35E44 /* d_move_35.png */; };
		482337F31A5D4EED00F35E44 /* d_move_36.png in Resources */ = {isa = PBXBuildFile; fileRef = 482337741A5D4EED00F35E44 /* d_move_36.png */; };
		482337F41A5D4EED00F35E44 /* d_move_37.png in Resources */ = {isa = PBXBuildFile; fileRef = 482337751A5D4EED00F35E44 /* d_move_37.png */; };
		482337F51A5D4EED00F35E44 /* d_move_38.png in Resources */ = {isa = PBXBuildFile; fileRef = 482337761A5D4EED00F35E44 /* d_move_38.png */; };
		482337F61A5D4EED00F35E44 /* d_move_39.png in Resources */ = {isa = PBXBuildFile; fileRef = 482337771A5D4EED00F35E44 /* d_move_39.png */; };
		482337F71A5D4EED00F35E44 /* d_move_4.png in Resources */ = {isa = PBXBuildFile; fileRef = 482337781A5D4EED00F35E44 /* d_move_4.png */; };
		482337F81A5D4EED00F35E44 /* d_move_40.png in Resources */ = {isa = PBXBuildFile; fileRef = 482337791A5D4EED00F35E44 /* d_move_40.png */; };
		482337F91A5D4EED00F35E44 /* d_move_41.png in Resources */ = {isa = PBXBuildFile; fileRef = 4823377A1A5D4EED00F35E44 /* d_move_41.png */; };
		482337FA1A5D4EED00F35E44 /* d_move_42.png in Resources */ = {isa = PBXBuildFile; fileRef = 4823377B1A5D4EED00F35E44 /* d_move_42.png */; };
		482337FB1A5D4EED00F35E44 /* d_move_43.png in Resources */ = {isa = PBXBuildFile; fileRef = 4823377C1A5D4EED00F35E44 /* d_move_43.png */; };
		482337FC1A5D4EED00F35E44 /* d_move_44.png in Resources */ = {isa = PBXBuildFile; fileRef = 4823377D1A5D4EED00F35E44 /* d_move_44.png */; };
		482337FD1A5D4EED00F35E44 /* d_move_45.png in Resources */ = {isa = PBXBuildFile; fileRef = 4823377E1A5D4EED00F35E44 /* d_move_45.png */; };
		482337FE1A5D4EED00F35E44 /* d_move_46.png in Resources */ = {isa = PBXBuildFile; fileRef = 4823377F1A5D4EED00F35E44 /* d_move_46.png */; };
		482337FF1A5D4EED00F35E44 /* d_move_47.png in Resources */ = {isa = PBXBuildFile; fileRef = 482337801A5D4EED00F35E44 /* d_move_47.png */; };
		482338001A5D4EED00F35E44 /* d_move_48.png in Resources */ = {isa = PBXBuildFile; fileRef = 482337811A5D4EED00F35E44 /* d_move_48.png */; };
		482338011A5D4EED00F35E44 /* d_move_49.png in Resources */ = {isa = PBXBuildFile; fileRef = 482337821A5D4EED00F35E44 /* d_move_49.png */; };
		482338021A5D4EED00F35E44 /* d_move_5.png in Resources */ = {isa = PBXBuildFile; fileRef = 482337831A5D4EED00F35E44 /* d_move_5.png */; };
		482338031A5D4EED00F35E44 /* d_move_50.png in Resources */ = {isa = PBXBuildFile; fileRef = 482337841A5D4EED00F35E44 /* d_move_50.png */; };
		482338041A5D4EED00F35E44 /* d_move_6.png in Resources */ = {isa = PBXBuildFile; fileRef = 482337851A5D4EED00F35E44 /* d_move_6.png */; };
		482338051A5D4EED00F35E44 /* d_move_7.png in Resources */ = {isa = PBXBuildFile; fileRef = 482337861A5D4EED00F35E44 /* d_move_7.png */; };
		482338061A5D4EED00F35E44 /* d_move_8.png in Resources */ = {isa = PBXBuildFile; fileRef = 482337871A5D4EED00F35E44 /* d_move_8.png */; };
		482338071A5D4EED00F35E44 /* d_move_9.png in Resources */ = {isa = PBXBuildFile; fileRef = 482337881A5D4EED00F35E44 /* d_move_9.png */; };
		482338081A5D4EED00F35E44 /* empty.png in Resources */ = {isa = PBXBuildFile; fileRef = 482337891A5D4EED00F35E44 /* empty.png */; };
		482338091A5D4EED00F35E44 /* empty_1.png in Resources */ = {isa = PBXBuildFile; fileRef = 4823378A1A5D4EED00F35E44 /* empty_1.png */; };
		4823380A1A5D4EED00F35E44 /* empty_2.png in Resources */ = {isa = PBXBuildFile; fileRef = 4823378B1A5D4EED00F35E44 /* empty_2.png */; };
		4823380B1A5D4EED00F35E44 /* success.png in Resources */ = {isa = PBXBuildFile; fileRef = 4823378C1A5D4EED00F35E44 /* success.png */; };
		4823380C1A5D4EED00F35E44 /* move_0.png in Resources */ = {isa = PBXBuildFile; fileRef = 4823378D1A5D4EED00F35E44 /* move_0.png */; };
		4823380D1A5D4EED00F35E44 /* move_1.png in Resources */ = {isa = PBXBuildFile; fileRef = 4823378E1A5D4EED00F35E44 /* move_1.png */; };
		4823380E1A5D4EED00F35E44 /* move_10.png in Resources */ = {isa = PBXBuildFile; fileRef = 4823378F1A5D4EED00F35E44 /* move_10.png */; };
		4823380F1A5D4EED00F35E44 /* move_11.png in Resources */ = {isa = PBXBuildFile; fileRef = 482337901A5D4EED00F35E44 /* move_11.png */; };
		482338101A5D4EED00F35E44 /* move_12.png in Resources */ = {isa = PBXBuildFile; fileRef = 482337911A5D4EED00F35E44 /* move_12.png */; };
		482338111A5D4EED00F35E44 /* move_13.png in Resources */ = {isa = PBXBuildFile; fileRef = 482337921A5D4EED00F35E44 /* move_13.png */; };
		482338121A5D4EED00F35E44 /* move_14.png in Resources */ = {isa = PBXBuildFile; fileRef = 482337931A5D4EED00F35E44 /* move_14.png */; };
		482338131A5D4EED00F35E44 /* move_15.png in Resources */ = {isa = PBXBuildFile; fileRef = 482337941A5D4EED00F35E44 /* move_15.png */; };
		482338141A5D4EED00F35E44 /* move_16.png in Resources */ = {isa = PBXBuildFile; fileRef = 482337951A5D4EED00F35E44 /* move_16.png */; };
		482338151A5D4EED00F35E44 /* move_17.png in Resources */ = {isa = PBXBuildFile; fileRef = 482337961A5D4EED00F35E44 /* move_17.png */; };
		482338161A5D4EED00F35E44 /* move_18.png in Resources */ = {isa = PBXBuildFile; fileRef = 482337971A5D4EED00F35E44 /* move_18.png */; };
		482338171A5D4EED00F35E44 /* move_19.png in Resources */ = {isa = PBXBuildFile; fileRef = 482337981A5D4EED00F35E44 /* move_19.png */; };
		482338181A5D4EED00F35E44 /* move_2.png in Resources */ = {isa = PBXBuildFile; fileRef = 482337991A5D4EED00F35E44 /* move_2.png */; };
		482338191A5D4EED00F35E44 /* move_20.png in Resources */ = {isa = PBXBuildFile; fileRef = 4823379A1A5D4EED00F35E44 /* move_20.png */; };
		4823381A1A5D4EED00F35E44 /* move_21.png in Resources */ = {isa = PBXBuildFile; fileRef = 4823379B1A5D4EED00F35E44 /* move_21.png */; };
		4823381B1A5D4EED00F35E44 /* move_22.png in Resources */ = {isa = PBXBuildFile; fileRef = 4823379C1A5D4EED00F35E44 /* move_22.png */; };
		4823381C1A5D4EED00F35E44 /* move_23.png in Resources */ = {isa = PBXBuildFile; fileRef = 4823379D1A5D4EED00F35E44 /* move_23.png */; };
		4823381D1A5D4EED00F35E44 /* move_24.png in Resources */ = {isa = PBXBuildFile; fileRef = 4823379E1A5D4EED00F35E44 /* move_24.png */; };
		4823381E1A5D4EED00F35E44 /* move_25.png in Resources */ = {isa = PBXBuildFile; fileRef = 4823379F1A5D4EED00F35E44 /* move_25.png */; };
		4823381F1A5D4EED00F35E44 /* move_26.png in Resources */ = {isa = PBXBuildFile; fileRef = 482337A01A5D4EED00F35E44 /* move_26.png */; };
		482338201A5D4EED00F35E44 /* move_27.png in Resources */ = {isa = PBXBuildFile; fileRef = 482337A11A5D4EED00F35E44 /* move_27.png */; };
		482338211A5D4EED00F35E44 /* move_28.png in Resources */ = {isa = PBXBuildFile; fileRef = 482337A21A5D4EED00F35E44 /* move_28.png */; };
		482338221A5D4EED00F35E44 /* move_29.png in Resources */ = {isa = PBXBuildFile; fileRef = 482337A31A5D4EED00F35E44 /* move_29.png */; };
		482338231A5D4EED00F35E44 /* move_3.png in Resources */ = {isa = PBXBuildFile; fileRef = 482337A41A5D4EED00F35E44 /* move_3.png */; };
		482338241A5D4EED00F35E44 /* move_30.png in Resources */ = {isa = PBXBuildFile; fileRef = 482337A51A5D4EED00F35E44 /* move_30.png */; };
		482338251A5D4EED00F35E44 /* move_31.png in Resources */ = {isa = PBXBuildFile; fileRef = 482337A61A5D4EED00F35E44 /* move_31.png */; };
		482338261A5D4EED00F35E44 /* move_32.png in Resources */ = {isa = PBXBuildFile; fileRef = 482337A71A5D4EED00F35E44 /* move_32.png */; };
		482338271A5D4EED00F35E44 /* move_33.png in Resources */ = {isa = PBXBuildFile; fileRef = 482337A81A5D4EED00F35E44 /* move_33.png */; };
		482338281A5D4EED00F35E44 /* move_34.png in Resources */ = {isa = PBXBuildFile; fileRef = 482337A91A5D4EED00F35E44 /* move_34.png */; };
		482338291A5D4EED00F35E44 /* move_35.png in Resources */ = {isa = PBXBuildFile; fileRef = 482337AA1A5D4EED00F35E44 /* move_35.png */; };
		4823382A1A5D4EED00F35E44 /* move_36.png in Resources */ = {isa = PBXBuildFile; fileRef = 482337AB1A5D4EED00F35E44 /* move_36.png */; };
		4823382B1A5D4EED00F35E44 /* move_37.png in Resources */ = {isa = PBXBuildFile; fileRef = 482337AC1A5D4EED00F35E44 /* move_37.png */; };
		4823382C1A5D4EED00F35E44 /* move_38.png in Resources */ = {isa = PBXBuildFile; fileRef = 482337AD1A5D4EED00F35E44 /* move_38.png */; };
		4823382D1A5D4EED00F35E44 /* move_39.png in Resources */ = {isa = PBXBuildFile; fileRef = 482337AE1A5D4EED00F35E44 /* move_39.png */; };
		4823382E1A5D4EED00F35E44 /* move_4.png in Resources */ = {isa = PBXBuildFile; fileRef = 482337AF1A5D4EED00F35E44 /* move_4.png */; };
		4823382F1A5D4EED00F35E44 /* move_40.png in Resources */ = {isa = PBXBuildFile; fileRef = 482337B01A5D4EED00F35E44 /* move_40.png */; };
		482338301A5D4EED00F35E44 /* move_41.png in Resources */ = {isa = PBXBuildFile; fileRef = 482337B11A5D4EED00F35E44 /* move_41.png */; };
		482338311A5D4EED00F35E44 /* move_42.png in Resources */ = {isa = PBXBuildFile; fileRef = 482337B21A5D4EED00F35E44 /* move_42.png */; };
		482338321A5D4EED00F35E44 /* move_43.png in Resources */ = {isa = PBXBuildFile; fileRef = 482337B31A5D4EED00F35E44 /* move_43.png */; };
		482338331A5D4EED00F35E44 /* move_44.png in Resources */ = {isa = PBXBuildFile; fileRef = 482337B41A5D4EED00F35E44 /* move_44.png */; };
		482338341A5D4EED00F35E44 /* move_45.png in Resources */ = {isa = PBXBuildFile; fileRef = 482337B51A5D4EED00F35E44 /* move_45.png */; };
		482338351A5D4EED00F35E44 /* move_46.png in Resources */ = {isa = PBXBuildFile; fileRef = 482337B61A5D4EED00F35E44 /* move_46.png */; };
		482338361A5D4EED00F35E44 /* move_47.png in Resources */ = {isa = PBXBuildFile; fileRef = 482337B71A5D4EED00F35E44 /* move_47.png */; };
		482338371A5D4EED00F35E44 /* move_48.png in Resources */ = {isa = PBXBuildFile; fileRef = 482337B81A5D4EED00F35E44 /* move_48.png */; };
		482338381A5D4EED00F35E44 /* move_49.png in Resources */ = {isa = PBXBuildFile; fileRef = 482337B91A5D4EED00F35E44 /* move_49.png */; };
		482338391A5D4EED00F35E44 /* move_5.png in Resources */ = {isa = PBXBuildFile; fileRef = 482337BA1A5D4EED00F35E44 /* move_5.png */; };
		4823383A1A5D4EED00F35E44 /* move_50.png in Resources */ = {isa = PBXBuildFile; fileRef = 482337BB1A5D4EED00F35E44 /* move_50.png */; };
		4823383B1A5D4EED00F35E44 /* move_6.png in Resources */ = {isa = PBXBuildFile; fileRef = 482337BC1A5D4EED00F35E44 /* move_6.png */; };
		4823383C1A5D4EED00F35E44 /* move_7.png in Resources */ = {isa = PBXBuildFile; fileRef = 482337BD1A5D4EED00F35E44 /* move_7.png */; };
		4823383D1A5D4EED00F35E44 /* move_8.png in Resources */ = {isa = PBXBuildFile; fileRef = 482337BE1A5D4EED00F35E44 /* move_8.png */; };
		4823383E1A5D4EED00F35E44 /* move_9.png in Resources */ = {isa = PBXBuildFile; fileRef = 482337BF1A5D4EED00F35E44 /* move_9.png */; };
		4823383F1A5D4EED00F35E44 /* num_0.png in Resources */ = {isa = PBXBuildFile; fileRef = 482337C01A5D4EED00F35E44 /* num_0.png */; };
		482338401A5D4EED00F35E44 /* num_1.png in Resources */ = {isa = PBXBuildFile; fileRef = 482337C11A5D4EED00F35E44 /* num_1.png */; };
		482338411A5D4EED00F35E44 /* num_10.png in Resources */ = {isa = PBXBuildFile; fileRef = 482337C21A5D4EED00F35E44 /* num_10.png */; };
		482338421A5D4EED00F35E44 /* num_11.png in Resources */ = {isa = PBXBuildFile; fileRef = 482337C31A5D4EED00F35E44 /* num_11.png */; };
		482338431A5D4EED00F35E44 /* num_12.png in Resources */ = {isa = PBXBuildFile; fileRef = 482337C41A5D4EED00F35E44 /* num_12.png */; };
		482338441A5D4EED00F35E44 /* num_13.png in Resources */ = {isa = PBXBuildFile; fileRef = 482337C51A5D4EED00F35E44 /* num_13.png */; };
		482338451A5D4EED00F35E44 /* num_14.png in Resources */ = {isa = PBXBuildFile; fileRef = 482337C61A5D4EED00F35E44 /* num_14.png */; };
		482338461A5D4EED00F35E44 /* num_15.png in Resources */ = {isa = PBXBuildFile; fileRef = 482337C71A5D4EED00F35E44 /* num_15.png */; };
		482338471A5D4EED00F35E44 /* num_16.png in Resources */ = {isa = PBXBuildFile; fileRef = 482337C81A5D4EED00F35E44 /* num_16.png */; };
		482338481A5D4EED00F35E44 /* num_17.png in Resources */ = {isa = PBXBuildFile; fileRef = 482337C91A5D4EED00F35E44 /* num_17.png */; };
		482338491A5D4EED00F35E44 /* num_18.png in Resources */ = {isa = PBXBuildFile; fileRef = 482337CA1A5D4EED00F35E44 /* num_18.png */; };
		4823384A1A5D4EED00F35E44 /* num_19.png in Resources */ = {isa = PBXBuildFile; fileRef = 482337CB1A5D4EED00F35E44 /* num_19.png */; };
		4823384B1A5D4EED00F35E44 /* num_2.png in Resources */ = {isa = PBXBuildFile; fileRef = 482337CC1A5D4EED00F35E44 /* num_2.png */; };
		4823384C1A5D4EED00F35E44 /* num_3.png in Resources */ = {isa = PBXBuildFile; fileRef = 482337CD1A5D4EED00F35E44 /* num_3.png */; };
		4823384D1A5D4EED00F35E44 /* num_4.png in Resources */ = {isa = PBXBuildFile; fileRef = 482337CE1A5D4EED00F35E44 /* num_4.png */; };
		4823384E1A5D4EED00F35E44 /* num_5.png in Resources */ = {isa = PBXBuildFile; fileRef = 482337CF1A5D4EED00F35E44 /* num_5.png */; };
		4823384F1A5D4EED00F35E44 /* num_6.png in Resources */ = {isa = PBXBuildFile; fileRef = 482337D01A5D4EED00F35E44 /* num_6.png */; };
		482338501A5D4EED00F35E44 /* num_7.png in Resources */ = {isa = PBXBuildFile; fileRef = 482337D11A5D4EED00F35E44 /* num_7.png */; };
		482338511A5D4EED00F35E44 /* num_8.png in Resources */ = {isa = PBXBuildFile; fileRef = 482337D21A5D4EED00F35E44 /* num_8.png */; };
		482338521A5D4EED00F35E44 /* num_9.png in Resources */ = {isa = PBXBuildFile; fileRef = 482337D31A5D4EED00F35E44 /* num_9.png */; };
		482338551A5D694700F35E44 /* AboutViewController.m in Sources */ = {isa = PBXBuildFile; fileRef = 482338541A5D694700F35E44 /* AboutViewController.m */; };
		482338601A5D86D000F35E44 /* 4s_0.txt in Resources */ = {isa = PBXBuildFile; fileRef = 482338571A5D86D000F35E44 /* 4s_0.txt */; };
		482338611A5D86D000F35E44 /* 4s_1.txt in Resources */ = {isa = PBXBuildFile; fileRef = 482338581A5D86D000F35E44 /* 4s_1.txt */; };
		482338621A5D86D000F35E44 /* 4s_2.txt in Resources */ = {isa = PBXBuildFile; fileRef = 482338591A5D86D000F35E44 /* 4s_2.txt */; };
		482338631A5D86D000F35E44 /* 4s_3.txt in Resources */ = {isa = PBXBuildFile; fileRef = 4823385A1A5D86D000F35E44 /* 4s_3.txt */; };
		482338641A5D86D000F35E44 /* 4s_4.txt in Resources */ = {isa = PBXBuildFile; fileRef = 4823385B1A5D86D000F35E44 /* 4s_4.txt */; };
		482338651A5D86D000F35E44 /* 4s_5.txt in Resources */ = {isa = PBXBuildFile; fileRef = 4823385C1A5D86D000F35E44 /* 4s_5.txt */; };
		482338661A5D86D000F35E44 /* 4s_6.txt in Resources */ = {isa = PBXBuildFile; fileRef = 4823385D1A5D86D000F35E44 /* 4s_6.txt */; };
		482338671A5D86D000F35E44 /* 4s_7.txt in Resources */ = {isa = PBXBuildFile; fileRef = 4823385E1A5D86D000F35E44 /* 4s_7.txt */; };
		482338681A5D86D000F35E44 /* 4s_8.txt in Resources */ = {isa = PBXBuildFile; fileRef = 4823385F1A5D86D000F35E44 /* 4s_8.txt */; };
		482343C71A5ABC50008694CD /* libGoogleAdMobAds.a in Frameworks */ = {isa = PBXBuildFile; fileRef = 482343C61A5ABC50008694CD /* libGoogleAdMobAds.a */; };
		482343C91A5ABCA5008694CD /* StoreKit.framework in Frameworks */ = {isa = PBXBuildFile; fileRef = 482343C81A5ABCA5008694CD /* StoreKit.framework */; };
		482343CB1A5ABCAF008694CD /* EventKitUI.framework in Frameworks */ = {isa = PBXBuildFile; fileRef = 482343CA1A5ABCAF008694CD /* EventKitUI.framework */; };
		482343CD1A5ABCB5008694CD /* EventKit.framework in Frameworks */ = {isa = PBXBuildFile; fileRef = 482343CC1A5ABCB5008694CD /* EventKit.framework */; };
		482343CF1A5ABCBD008694CD /* CoreTelephony.framework in Frameworks */ = {isa = PBXBuildFile; fileRef = 482343CE1A5ABCBD008694CD /* CoreTelephony.framework */; };
		482343D11A5ABCC7008694CD /* CoreGraphics.framework in Frameworks */ = {isa = PBXBuildFile; fileRef = 482343D01A5ABCC7008694CD /* CoreGraphics.framework */; };
		482343D31A5ABCCD008694CD /* AVFoundation.framework in Frameworks */ = {isa = PBXBuildFile; fileRef = 482343D21A5ABCCD008694CD /* AVFoundation.framework */; };
		482343D51A5ABCD4008694CD /* AdSupport.framework in Frameworks */ = {isa = PBXBuildFile; fileRef = 482343D41A5ABCD4008694CD /* AdSupport.framework */; };
		482343D71A5ABCDC008694CD /* GameController.framework in Frameworks */ = {isa = PBXBuildFile; fileRef = 482343D61A5ABCDC008694CD /* GameController.framework */; };
		482343D91A5ABCE7008694CD /* MediaPlayer.framework in Frameworks */ = {isa = PBXBuildFile; fileRef = 482343D81A5ABCE7008694CD /* MediaPlayer.framework */; };
		482343DB1A5ABCF1008694CD /* SystemConfiguration.framework in Frameworks */ = {isa = PBXBuildFile; fileRef = 482343DA1A5ABCF1008694CD /* SystemConfiguration.framework */; };
		482343DD1A5ABCFA008694CD /* AudioToolbox.framework in Frameworks */ = {isa = PBXBuildFile; fileRef = 482343DC1A5ABCFA008694CD /* AudioToolbox.framework */; };
		482343DF1A5ABD01008694CD /* MessageUI.framework in Frameworks */ = {isa = PBXBuildFile; fileRef = 482343DE1A5ABD01008694CD /* MessageUI.framework */; };
		482343F91A5C3264008694CD /* libWeChatSDK.a in Frameworks */ = {isa = PBXBuildFile; fileRef = 482343F61A5C3264008694CD /* libWeChatSDK.a */; };
		486AE5F31A52EA72002E75C6 /* main.m in Sources */ = {isa = PBXBuildFile; fileRef = 486AE5F21A52EA72002E75C6 /* main.m */; };
		486AE5F61A52EA72002E75C6 /* AppDelegate.m in Sources */ = {isa = PBXBuildFile; fileRef = 486AE5F51A52EA72002E75C6 /* AppDelegate.m */; };
		486AE5F91A52EA72002E75C6 /* ViewController.m in Sources */ = {isa = PBXBuildFile; fileRef = 486AE5F81A52EA72002E75C6 /* ViewController.m */; };
		486AE5FC1A52EA72002E75C6 /* Main.storyboard in Resources */ = {isa = PBXBuildFile; fileRef = 486AE5FA1A52EA72002E75C6 /* Main.storyboard */; };
		486AE5FE1A52EA72002E75C6 /* Images.xcassets in Resources */ = {isa = PBXBuildFile; fileRef = 486AE5FD1A52EA72002E75C6 /* Images.xcassets */; };
		486AE6011A52EA72002E75C6 /* LaunchScreen.xib in Resources */ = {isa = PBXBuildFile; fileRef = 486AE5FF1A52EA72002E75C6 /* LaunchScreen.xib */; };
		486AE60D1A52EA72002E75C6 /* NumTrackerTests.m in Sources */ = {isa = PBXBuildFile; fileRef = 486AE60C1A52EA72002E75C6 /* NumTrackerTests.m */; };
		486AE6181A52EB03002E75C6 /* MyImageView.m in Sources */ = {isa = PBXBuildFile; fileRef = 486AE6171A52EB03002E75C6 /* MyImageView.m */; };
		486AE61B1A52F19D002E75C6 /* dataStruct.m in Sources */ = {isa = PBXBuildFile; fileRef = 486AE61A1A52F19D002E75C6 /* dataStruct.m */; };
/* End PBXBuildFile section */

/* Begin PBXContainerItemProxy section */
		486AE6071A52EA72002E75C6 /* PBXContainerItemProxy */ = {
			isa = PBXContainerItemProxy;
			containerPortal = 486AE5E51A52EA72002E75C6 /* Project object */;
			proxyType = 1;
			remoteGlobalIDString = 486AE5EC1A52EA72002E75C6;
			remoteInfo = NumTracker;
		};
/* End PBXContainerItemProxy section */

/* Begin PBXFileReference section */
		480FAC8C1A54358500C41BDA /* JSONKit.h */ = {isa = PBXFileReference; fileEncoding = 4; lastKnownFileType = sourcecode.c.h; path = JSONKit.h; sourceTree = "<group>"; };
		480FAC8D1A54358500C41BDA /* JSONKit.m */ = {isa = PBXFileReference; fileEncoding = 4; lastKnownFileType = sourcecode.c.objc; path = JSONKit.m; sourceTree = "<group>"; };
		482337551A5D4EED00F35E44 /* base.png */ = {isa = PBXFileReference; lastKnownFileType = image.png; path = base.png; sourceTree = "<group>"; };
		482337561A5D4EED00F35E44 /* d_move_0.png */ = {isa = PBXFileReference; lastKnownFileType = image.png; path = d_move_0.png; sourceTree = "<group>"; };
		482337571A5D4EED00F35E44 /* d_move_1.png */ = {isa = PBXFileReference; lastKnownFileType = image.png; path = d_move_1.png; sourceTree = "<group>"; };
		482337581A5D4EED00F35E44 /* d_move_10.png */ = {isa = PBXFileReference; lastKnownFileType = image.png; path = d_move_10.png; sourceTree = "<group>"; };
		482337591A5D4EED00F35E44 /* d_move_11.png */ = {isa = PBXFileReference; lastKnownFileType = image.png; path = d_move_11.png; sourceTree = "<group>"; };
		4823375A1A5D4EED00F35E44 /* d_move_12.png */ = {isa = PBXFileReference; lastKnownFileType = image.png; path = d_move_12.png; sourceTree = "<group>"; };
		4823375B1A5D4EED00F35E44 /* d_move_13.png */ = {isa = PBXFileReference; lastKnownFileType = image.png; path = d_move_13.png; sourceTree = "<group>"; };
		4823375C1A5D4EED00F35E44 /* d_move_14.png */ = {isa = PBXFileReference; lastKnownFileType = image.png; path = d_move_14.png; sourceTree = "<group>"; };
		4823375D1A5D4EED00F35E44 /* d_move_15.png */ = {isa = PBXFileReference; lastKnownFileType = image.png; path = d_move_15.png; sourceTree = "<group>"; };
		4823375E1A5D4EED00F35E44 /* d_move_16.png */ = {isa = PBXFileReference; lastKnownFileType = image.png; path = d_move_16.png; sourceTree = "<group>"; };
		4823375F1A5D4EED00F35E44 /* d_move_17.png */ = {isa = PBXFileReference; lastKnownFileType = image.png; path = d_move_17.png; sourceTree = "<group>"; };
		482337601A5D4EED00F35E44 /* d_move_18.png */ = {isa = PBXFileReference; lastKnownFileType = image.png; path = d_move_18.png; sourceTree = "<group>"; };
		482337611A5D4EED00F35E44 /* d_move_19.png */ = {isa = PBXFileReference; lastKnownFileType = image.png; path = d_move_19.png; sourceTree = "<group>"; };
		482337621A5D4EED00F35E44 /* d_move_2.png */ = {isa = PBXFileReference; lastKnownFileType = image.png; path = d_move_2.png; sourceTree = "<group>"; };
		482337631A5D4EED00F35E44 /* d_move_20.png */ = {isa = PBXFileReference; lastKnownFileType = image.png; path = d_move_20.png; sourceTree = "<group>"; };
		482337641A5D4EED00F35E44 /* d_move_21.png */ = {isa = PBXFileReference; lastKnownFileType = image.png; path = d_move_21.png; sourceTree = "<group>"; };
		482337651A5D4EED00F35E44 /* d_move_22.png */ = {isa = PBXFileReference; lastKnownFileType = image.png; path = d_move_22.png; sourceTree = "<group>"; };
		482337661A5D4EED00F35E44 /* d_move_23.png */ = {isa = PBXFileReference; lastKnownFileType = image.png; path = d_move_23.png; sourceTree = "<group>"; };
		482337671A5D4EED00F35E44 /* d_move_24.png */ = {isa = PBXFileReference; lastKnownFileType = image.png; path = d_move_24.png; sourceTree = "<group>"; };
		482337681A5D4EED00F35E44 /* d_move_25.png */ = {isa = PBXFileReference; lastKnownFileType = image.png; path = d_move_25.png; sourceTree = "<group>"; };
		482337691A5D4EED00F35E44 /* d_move_26.png */ = {isa = PBXFileReference; lastKnownFileType = image.png; path = d_move_26.png; sourceTree = "<group>"; };
		4823376A1A5D4EED00F35E44 /* d_move_27.png */ = {isa = PBXFileReference; lastKnownFileType = image.png; path = d_move_27.png; sourceTree = "<group>"; };
		4823376B1A5D4EED00F35E44 /* d_move_28.png */ = {isa = PBXFileReference; lastKnownFileType = image.png; path = d_move_28.png; sourceTree = "<group>"; };
		4823376C1A5D4EED00F35E44 /* d_move_29.png */ = {isa = PBXFileReference; lastKnownFileType = image.png; path = d_move_29.png; sourceTree = "<group>"; };
		4823376D1A5D4EED00F35E44 /* d_move_3.png */ = {isa = PBXFileReference; lastKnownFileType = image.png; path = d_move_3.png; sourceTree = "<group>"; };
		4823376E1A5D4EED00F35E44 /* d_move_30.png */ = {isa = PBXFileReference; lastKnownFileType = image.png; path = d_move_30.png; sourceTree = "<group>"; };
		4823376F1A5D4EED00F35E44 /* d_move_31.png */ = {isa = PBXFileReference; lastKnownFileType = image.png; path = d_move_31.png; sourceTree = "<group>"; };
		482337701A5D4EED00F35E44 /* d_move_32.png */ = {isa = PBXFileReference; lastKnownFileType = image.png; path = d_move_32.png; sourceTree = "<group>"; };
		482337711A5D4EED00F35E44 /* d_move_33.png */ = {isa = PBXFileReference; lastKnownFileType = image.png; path = d_move_33.png; sourceTree = "<group>"; };
		482337721A5D4EED00F35E44 /* d_move_34.png */ = {isa = PBXFileReference; lastKnownFileType = image.png; path = d_move_34.png; sourceTree = "<group>"; };
		482337731A5D4EED00F35E44 /* d_move_35.png */ = {isa = PBXFileReference; lastKnownFileType = image.png; path = d_move_35.png; sourceTree = "<group>"; };
		482337741A5D4EED00F35E44 /* d_move_36.png */ = {isa = PBXFileReference; lastKnownFileType = image.png; path = d_move_36.png; sourceTree = "<group>"; };
		482337751A5D4EED00F35E44 /* d_move_37.png */ = {isa = PBXFileReference; lastKnownFileType = image.png; path = d_move_37.png; sourceTree = "<group>"; };
		482337761A5D4EED00F35E44 /* d_move_38.png */ = {isa = PBXFileReference; lastKnownFileType = image.png; path = d_move_38.png; sourceTree = "<group>"; };
		482337771A5D4EED00F35E44 /* d_move_39.png */ = {isa = PBXFileReference; lastKnownFileType = image.png; path = d_move_39.png; sourceTree = "<group>"; };
		482337781A5D4EED00F35E44 /* d_move_4.png */ = {isa = PBXFileReference; lastKnownFileType = image.png; path = d_move_4.png; sourceTree = "<group>"; };
		482337791A5D4EED00F35E44 /* d_move_40.png */ = {isa = PBXFileReference; lastKnownFileType = image.png; path = d_move_40.png; sourceTree = "<group>"; };
		4823377A1A5D4EED00F35E44 /* d_move_41.png */ = {isa = PBXFileReference; lastKnownFileType = image.png; path = d_move_41.png; sourceTree = "<group>"; };
		4823377B1A5D4EED00F35E44 /* d_move_42.png */ = {isa = PBXFileReference; lastKnownFileType = image.png; path = d_move_42.png; sourceTree = "<group>"; };
		4823377C1A5D4EED00F35E44 /* d_move_43.png */ = {isa = PBXFileReference; lastKnownFileType = image.png; path = d_move_43.png; sourceTree = "<group>"; };
		4823377D1A5D4EED00F35E44 /* d_move_44.png */ = {isa = PBXFileReference; lastKnownFileType = image.png; path = d_move_44.png; sourceTree = "<group>"; };
		4823377E1A5D4EED00F35E44 /* d_move_45.png */ = {isa = PBXFileReference; lastKnownFileType = image.png; path = d_move_45.png; sourceTree = "<group>"; };
		4823377F1A5D4EED00F35E44 /* d_move_46.png */ = {isa = PBXFileReference; lastKnownFileType = image.png; path = d_move_46.png; sourceTree = "<group>"; };
		482337801A5D4EED00F35E44 /* d_move_47.png */ = {isa = PBXFileReference; lastKnownFileType = image.png; path = d_move_47.png; sourceTree = "<group>"; };
		482337811A5D4EED00F35E44 /* d_move_48.png */ = {isa = PBXFileReference; lastKnownFileType = image.png; path = d_move_48.png; sourceTree = "<group>"; };
		482337821A5D4EED00F35E44 /* d_move_49.png */ = {isa = PBXFileReference; lastKnownFileType = image.png; path = d_move_49.png; sourceTree = "<group>"; };
		482337831A5D4EED00F35E44 /* d_move_5.png */ = {isa = PBXFileReference; lastKnownFileType = image.png; path = d_move_5.png; sourceTree = "<group>"; };
		482337841A5D4EED00F35E44 /* d_move_50.png */ = {isa = PBXFileReference; lastKnownFileType = image.png; path = d_move_50.png; sourceTree = "<group>"; };
		482337851A5D4EED00F35E44 /* d_move_6.png */ = {isa = PBXFileReference; lastKnownFileType = image.png; path = d_move_6.png; sourceTree = "<group>"; };
		482337861A5D4EED00F35E44 /* d_move_7.png */ = {isa = PBXFileReference; lastKnownFileType = image.png; path = d_move_7.png; sourceTree = "<group>"; };
		482337871A5D4EED00F35E44 /* d_move_8.png */ = {isa = PBXFileReference; lastKnownFileType = image.png; path = d_move_8.png; sourceTree = "<group>"; };
		482337881A5D4EED00F35E44 /* d_move_9.png */ = {isa = PBXFileReference; lastKnownFileType = image.png; path = d_move_9.png; sourceTree = "<group>"; };
		482337891A5D4EED00F35E44 /* empty.png */ = {isa = PBXFileReference; lastKnownFileType = image.png; path = empty.png; sourceTree = "<group>"; };
		4823378A1A5D4EED00F35E44 /* empty_1.png */ = {isa = PBXFileReference; lastKnownFileType = image.png; path = empty_1.png; sourceTree = "<group>"; };
		4823378B1A5D4EED00F35E44 /* empty_2.png */ = {isa = PBXFileReference; lastKnownFileType = image.png; path = empty_2.png; sourceTree = "<group>"; };
		4823378C1A5D4EED00F35E44 /* success.png */ = {isa = PBXFileReference; lastKnownFileType = image.png; path = success.png; sourceTree = "<group>"; };
		4823378D1A5D4EED00F35E44 /* move_0.png */ = {isa = PBXFileReference; lastKnownFileType = image.png; path = move_0.png; sourceTree = "<group>"; };
		4823378E1A5D4EED00F35E44 /* move_1.png */ = {isa = PBXFileReference; lastKnownFileType = image.png; path = move_1.png; sourceTree = "<group>"; };
		4823378F1A5D4EED00F35E44 /* move_10.png */ = {isa = PBXFileReference; lastKnownFileType = image.png; path = move_10.png; sourceTree = "<group>"; };
		482337901A5D4EED00F35E44 /* move_11.png */ = {isa = PBXFileReference; lastKnownFileType = image.png; path = move_11.png; sourceTree = "<group>"; };
		482337911A5D4EED00F35E44 /* move_12.png */ = {isa = PBXFileReference; lastKnownFileType = image.png; path = move_12.png; sourceTree = "<group>"; };
		482337921A5D4EED00F35E44 /* move_13.png */ = {isa = PBXFileReference; lastKnownFileType = image.png; path = move_13.png; sourceTree = "<group>"; };
		482337931A5D4EED00F35E44 /* move_14.png */ = {isa = PBXFileReference; lastKnownFileType = image.png; path = move_14.png; sourceTree = "<group>"; };
		482337941A5D4EED00F35E44 /* move_15.png */ = {isa = PBXFileReference; lastKnownFileType = image.png; path = move_15.png; sourceTree = "<group>"; };
		482337951A5D4EED00F35E44 /* move_16.png */ = {isa = PBXFileReference; lastKnownFileType = image.png; path = move_16.png; sourceTree = "<group>"; };
		482337961A5D4EED00F35E44 /* move_17.png */ = {isa = PBXFileReference; lastKnownFileType = image.png; path = move_17.png; sourceTree = "<group>"; };
		482337971A5D4EED00F35E44 /* move_18.png */ = {isa = PBXFileReference; lastKnownFileType = image.png; path = move_18.png; sourceTree = "<group>"; };
		482337981A5D4EED00F35E44 /* move_19.png */ = {isa = PBXFileReference; lastKnownFileType = image.png; path = move_19.png; sourceTree = "<group>"; };
		482337991A5D4EED00F35E44 /* move_2.png */ = {isa = PBXFileReference; lastKnownFileType = image.png; path = move_2.png; sourceTree = "<group>"; };
		4823379A1A5D4EED00F35E44 /* move_20.png */ = {isa = PBXFileReference; lastKnownFileType = image.png; path = move_20.png; sourceTree = "<group>"; };
		4823379B1A5D4EED00F35E44 /* move_21.png */ = {isa = PBXFileReference; lastKnownFileType = image.png; path = move_21.png; sourceTree = "<group>"; };
		4823379C1A5D4EED00F35E44 /* move_22.png */ = {isa = PBXFileReference; lastKnownFileType = image.png; path = move_22.png; sourceTree = "<group>"; };
		4823379D1A5D4EED00F35E44 /* move_23.png */ = {isa = PBXFileReference; lastKnownFileType = image.png; path = move_23.png; sourceTree = "<group>"; };
		4823379E1A5D4EED00F35E44 /* move_24.png */ = {isa = PBXFileReference; lastKnownFileType = image.png; path = move_24.png; sourceTree = "<group>"; };
		4823379F1A5D4EED00F35E44 /* move_25.png */ = {isa = PBXFileReference; lastKnownFileType = image.png; path = move_25.png; sourceTree = "<group>"; };
		482337A01A5D4EED00F35E44 /* move_26.png */ = {isa = PBXFileReference; lastKnownFileType = image.png; path = move_26.png; sourceTree = "<group>"; };
		482337A11A5D4EED00F35E44 /* move_27.png */ = {isa = PBXFileReference; lastKnownFileType = image.png; path = move_27.png; sourceTree = "<group>"; };
		482337A21A5D4EED00F35E44 /* move_28.png */ = {isa = PBXFileReference; lastKnownFileType = image.png; path = move_28.png; sourceTree = "<group>"; };
		482337A31A5D4EED00F35E44 /* move_29.png */ = {isa = PBXFileReference; lastKnownFileType = image.png; path = move_29.png; sourceTree = "<group>"; };
		482337A41A5D4EED00F35E44 /* move_3.png */ = {isa = PBXFileReference; lastKnownFileType = image.png; path = move_3.png; sourceTree = "<group>"; };
		482337A51A5D4EED00F35E44 /* move_30.png */ = {isa = PBXFileReference; lastKnownFileType = image.png; path = move_30.png; sourceTree = "<group>"; };
		482337A61A5D4EED00F35E44 /* move_31.png */ = {isa = PBXFileReference; lastKnownFileType = image.png; path = move_31.png; sourceTree = "<group>"; };
		482337A71A5D4EED00F35E44 /* move_32.png */ = {isa = PBXFileReference; lastKnownFileType = image.png; path = move_32.png; sourceTree = "<group>"; };
		482337A81A5D4EED00F35E44 /* move_33.png */ = {isa = PBXFileReference; lastKnownFileType = image.png; path = move_33.png; sourceTree = "<group>"; };
		482337A91A5D4EED00F35E44 /* move_34.png */ = {isa = PBXFileReference; lastKnownFileType = image.png; path = move_34.png; sourceTree = "<group>"; };
		482337AA1A5D4EED00F35E44 /* move_35.png */ = {isa = PBXFileReference; lastKnownFileType = image.png; path = move_35.png; sourceTree = "<group>"; };
		482337AB1A5D4EED00F35E44 /* move_36.png */ = {isa = PBXFileReference; lastKnownFileType = image.png; path = move_36.png; sourceTree = "<group>"; };
		482337AC1A5D4EED00F35E44 /* move_37.png */ = {isa = PBXFileReference; lastKnownFileType = image.png; path = move_37.png; sourceTree = "<group>"; };
		482337AD1A5D4EED00F35E44 /* move_38.png */ = {isa = PBXFileReference; lastKnownFileType = image.png; path = move_38.png; sourceTree = "<group>"; };
		482337AE1A5D4EED00F35E44 /* move_39.png */ = {isa = PBXFileReference; lastKnownFileType = image.png; path = move_39.png; sourceTree = "<group>"; };
		482337AF1A5D4EED00F35E44 /* move_4.png */ = {isa = PBXFileReference; lastKnownFileType = image.png; path = move_4.png; sourceTree = "<group>"; };
		482337B01A5D4EED00F35E44 /* move_40.png */ = {isa = PBXFileReference; lastKnownFileType = image.png; path = move_40.png; sourceTree = "<group>"; };
		482337B11A5D4EED00F35E44 /* move_41.png */ = {isa = PBXFileReference; lastKnownFileType = image.png; path = move_41.png; sourceTree = "<group>"; };
		482337B21A5D4EED00F35E44 /* move_42.png */ = {isa = PBXFileReference; lastKnownFileType = image.png; path = move_42.png; sourceTree = "<group>"; };
		482337B31A5D4EED00F35E44 /* move_43.png */ = {isa = PBXFileReference; lastKnownFileType = image.png; path = move_43.png; sourceTree = "<group>"; };
		482337B41A5D4EED00F35E44 /* move_44.png */ = {isa = PBXFileReference; lastKnownFileType = image.png; path = move_44.png; sourceTree = "<group>"; };
		482337B51A5D4EED00F35E44 /* move_45.png */ = {isa = PBXFileReference; lastKnownFileType = image.png; path = move_45.png; sourceTree = "<group>"; };
		482337B61A5D4EED00F35E44 /* move_46.png */ = {isa = PBXFileReference; lastKnownFileType = image.png; path = move_46.png; sourceTree = "<group>"; };
		482337B71A5D4EED00F35E44 /* move_47.png */ = {isa = PBXFileReference; lastKnownFileType = image.png; path = move_47.png; sourceTree = "<group>"; };
		482337B81A5D4EED00F35E44 /* move_48.png */ = {isa = PBXFileReference; lastKnownFileType = image.png; path = move_48.png; sourceTree = "<group>"; };
		482337B91A5D4EED00F35E44 /* move_49.png */ = {isa = PBXFileReference; lastKnownFileType = image.png; path = move_49.png; sourceTree = "<group>"; };
		482337BA1A5D4EED00F35E44 /* move_5.png */ = {isa = PBXFileReference; lastKnownFileType = image.png; path = move_5.png; sourceTree = "<group>"; };
		482337BB1A5D4EED00F35E44 /* move_50.png */ = {isa = PBXFileReference; lastKnownFileType = image.png; path = move_50.png; sourceTree = "<group>"; };
		482337BC1A5D4EED00F35E44 /* move_6.png */ = {isa = PBXFileReference; lastKnownFileType = image.png; path = move_6.png; sourceTree = "<group>"; };
		482337BD1A5D4EED00F35E44 /* move_7.png */ = {isa = PBXFileReference; lastKnownFileType = image.png; path = move_7.png; sourceTree = "<group>"; };
		482337BE1A5D4EED00F35E44 /* move_8.png */ = {isa = PBXFileReference; lastKnownFileType = image.png; path = move_8.png; sourceTree = "<group>"; };
		482337BF1A5D4EED00F35E44 /* move_9.png */ = {isa = PBXFileReference; lastKnownFileType = image.png; path = move_9.png; sourceTree = "<group>"; };
		482337C01A5D4EED00F35E44 /* num_0.png */ = {isa = PBXFileReference; lastKnownFileType = image.png; path = num_0.png; sourceTree = "<group>"; };
		482337C11A5D4EED00F35E44 /* num_1.png */ = {isa = PBXFileReference; lastKnownFileType = image.png; path = num_1.png; sourceTree = "<group>"; };
		482337C21A5D4EED00F35E44 /* num_10.png */ = {isa = PBXFileReference; lastKnownFileType = image.png; path = num_10.png; sourceTree = "<group>"; };
		482337C31A5D4EED00F35E44 /* num_11.png */ = {isa = PBXFileReference; lastKnownFileType = image.png; path = num_11.png; sourceTree = "<group>"; };
		482337C41A5D4EED00F35E44 /* num_12.png */ = {isa = PBXFileReference; lastKnownFileType = image.png; path = num_12.png; sourceTree = "<group>"; };
		482337C51A5D4EED00F35E44 /* num_13.png */ = {isa = PBXFileReference; lastKnownFileType = image.png; path = num_13.png; sourceTree = "<group>"; };
		482337C61A5D4EED00F35E44 /* num_14.png */ = {isa = PBXFileReference; lastKnownFileType = image.png; path = num_14.png; sourceTree = "<group>"; };
		482337C71A5D4EED00F35E44 /* num_15.png */ = {isa = PBXFileReference; lastKnownFileType = image.png; path = num_15.png; sourceTree = "<group>"; };
		482337C81A5D4EED00F35E44 /* num_16.png */ = {isa = PBXFileReference; lastKnownFileType = image.png; path = num_16.png; sourceTree = "<group>"; };
		482337C91A5D4EED00F35E44 /* num_17.png */ = {isa = PBXFileReference; lastKnownFileType = image.png; path = num_17.png; sourceTree = "<group>"; };
		482337CA1A5D4EED00F35E44 /* num_18.png */ = {isa = PBXFileReference; lastKnownFileType = image.png; path = num_18.png; sourceTree = "<group>"; };
		482337CB1A5D4EED00F35E44 /* num_19.png */ = {isa = PBXFileReference; lastKnownFileType = image.png; path = num_19.png; sourceTree = "<group>"; };
		482337CC1A5D4EED00F35E44 /* num_2.png */ = {isa = PBXFileReference; lastKnownFileType = image.png; path = num_2.png; sourceTree = "<group>"; };
		482337CD1A5D4EED00F35E44 /* num_3.png */ = {isa = PBXFileReference; lastKnownFileType = image.png; path = num_3.png; sourceTree = "<group>"; };
		482337CE1A5D4EED00F35E44 /* num_4.png */ = {isa = PBXFileReference; lastKnownFileType = image.png; path = num_4.png; sourceTree = "<group>"; };
		482337CF1A5D4EED00F35E44 /* num_5.png */ = {isa = PBXFileReference; lastKnownFileType = image.png; path = num_5.png; sourceTree = "<group>"; };
		482337D01A5D4EED00F35E44 /* num_6.png */ = {isa = PBXFileReference; lastKnownFileType = image.png; path = num_6.png; sourceTree = "<group>"; };
		482337D11A5D4EED00F35E44 /* num_7.png */ = {isa = PBXFileReference; lastKnownFileType = image.png; path = num_7.png; sourceTree = "<group>"; };
		482337D21A5D4EED00F35E44 /* num_8.png */ = {isa = PBXFileReference; lastKnownFileType = image.png; path = num_8.png; sourceTree = "<group>"; };
		482337D31A5D4EED00F35E44 /* num_9.png */ = {isa = PBXFileReference; lastKnownFileType = image.png; path = num_9.png; sourceTree = "<group>"; };
		482338531A5D694700F35E44 /* AboutViewController.h */ = {isa = PBXFileReference; fileEncoding = 4; lastKnownFileType = sourcecode.c.h; path = AboutViewController.h; sourceTree = "<group>"; };
		482338541A5D694700F35E44 /* AboutViewController.m */ = {isa = PBXFileReference; fileEncoding = 4; lastKnownFileType = sourcecode.c.objc; path = AboutViewController.m; sourceTree = "<group>"; };
		482338571A5D86D000F35E44 /* 4s_0.txt */ = {isa = PBXFileReference; fileEncoding = 4; lastKnownFileType = text; path = 4s_0.txt; sourceTree = "<group>"; };
		482338581A5D86D000F35E44 /* 4s_1.txt */ = {isa = PBXFileReference; fileEncoding = 4; lastKnownFileType = text; path = 4s_1.txt; sourceTree = "<group>"; };
		482338591A5D86D000F35E44 /* 4s_2.txt */ = {isa = PBXFileReference; fileEncoding = 4; lastKnownFileType = text; path = 4s_2.txt; sourceTree = "<group>"; };
		4823385A1A5D86D000F35E44 /* 4s_3.txt */ = {isa = PBXFileReference; fileEncoding = 4; lastKnownFileType = text; path = 4s_3.txt; sourceTree = "<group>"; };
		4823385B1A5D86D000F35E44 /* 4s_4.txt */ = {isa = PBXFileReference; fileEncoding = 4; lastKnownFileType = text; path = 4s_4.txt; sourceTree = "<group>"; };
		4823385C1A5D86D000F35E44 /* 4s_5.txt */ = {isa = PBXFileReference; fileEncoding = 4; lastKnownFileType = text; path = 4s_5.txt; sourceTree = "<group>"; };
		4823385D1A5D86D000F35E44 /* 4s_6.txt */ = {isa = PBXFileReference; fileEncoding = 4; lastKnownFileType = text; path = 4s_6.txt; sourceTree = "<group>"; };
		4823385E1A5D86D000F35E44 /* 4s_7.txt */ = {isa = PBXFileReference; fileEncoding = 4; lastKnownFileType = text; path = 4s_7.txt; sourceTree = "<group>"; };
		4823385F1A5D86D000F35E44 /* 4s_8.txt */ = {isa = PBXFileReference; fileEncoding = 4; lastKnownFileType = text; path = 4s_8.txt; sourceTree = "<group>"; };
		482343BA1A5ABC50008694CD /* GADAdMobExtras.h */ = {isa = PBXFileReference; fileEncoding = 4; lastKnownFileType = sourcecode.c.h; path = GADAdMobExtras.h; sourceTree = "<group>"; };
		482343BB1A5ABC50008694CD /* GADAdNetworkExtras.h */ = {isa = PBXFileReference; fileEncoding = 4; lastKnownFileType = sourcecode.c.h; path = GADAdNetworkExtras.h; sourceTree = "<group>"; };
		482343BC1A5ABC50008694CD /* GADAdSize.h */ = {isa = PBXFileReference; fileEncoding = 4; lastKnownFileType = sourcecode.c.h; path = GADAdSize.h; sourceTree = "<group>"; };
		482343BD1A5ABC50008694CD /* GADBannerView.h */ = {isa = PBXFileReference; fileEncoding = 4; lastKnownFileType = sourcecode.c.h; path = GADBannerView.h; sourceTree = "<group>"; };
		482343BE1A5ABC50008694CD /* GADBannerViewDelegate.h */ = {isa = PBXFileReference; fileEncoding = 4; lastKnownFileType = sourcecode.c.h; path = GADBannerViewDelegate.h; sourceTree = "<group>"; };
		482343BF1A5ABC50008694CD /* GADInAppPurchase.h */ = {isa = PBXFileReference; fileEncoding = 4; lastKnownFileType = sourcecode.c.h; path = GADInAppPurchase.h; sourceTree = "<group>"; };
		482343C01A5ABC50008694CD /* GADInAppPurchaseDelegate.h */ = {isa = PBXFileReference; fileEncoding = 4; lastKnownFileType = sourcecode.c.h; path = GADInAppPurchaseDelegate.h; sourceTree = "<group>"; };
		482343C11A5ABC50008694CD /* GADInterstitial.h */ = {isa = PBXFileReference; fileEncoding = 4; lastKnownFileType = sourcecode.c.h; path = GADInterstitial.h; sourceTree = "<group>"; };
		482343C21A5ABC50008694CD /* GADInterstitialDelegate.h */ = {isa = PBXFileReference; fileEncoding = 4; lastKnownFileType = sourcecode.c.h; path = GADInterstitialDelegate.h; sourceTree = "<group>"; };
		482343C31A5ABC50008694CD /* GADModules.h */ = {isa = PBXFileReference; fileEncoding = 4; lastKnownFileType = sourcecode.c.h; path = GADModules.h; sourceTree = "<group>"; };
		482343C41A5ABC50008694CD /* GADRequest.h */ = {isa = PBXFileReference; fileEncoding = 4; lastKnownFileType = sourcecode.c.h; path = GADRequest.h; sourceTree = "<group>"; };
		482343C51A5ABC50008694CD /* GADRequestError.h */ = {isa = PBXFileReference; fileEncoding = 4; lastKnownFileType = sourcecode.c.h; path = GADRequestError.h; sourceTree = "<group>"; };
		482343C61A5ABC50008694CD /* libGoogleAdMobAds.a */ = {isa = PBXFileReference; lastKnownFileType = archive.ar; path = libGoogleAdMobAds.a; sourceTree = "<group>"; };
		482343C81A5ABCA5008694CD /* StoreKit.framework */ = {isa = PBXFileReference; lastKnownFileType = wrapper.framework; name = StoreKit.framework; path = System/Library/Frameworks/StoreKit.framework; sourceTree = SDKROOT; };
		482343CA1A5ABCAF008694CD /* EventKitUI.framework */ = {isa = PBXFileReference; lastKnownFileType = wrapper.framework; name = EventKitUI.framework; path = System/Library/Frameworks/EventKitUI.framework; sourceTree = SDKROOT; };
		482343CC1A5ABCB5008694CD /* EventKit.framework */ = {isa = PBXFileReference; lastKnownFileType = wrapper.framework; name = EventKit.framework; path = System/Library/Frameworks/EventKit.framework; sourceTree = SDKROOT; };
		482343CE1A5ABCBD008694CD /* CoreTelephony.framework */ = {isa = PBXFileReference; lastKnownFileType = wrapper.framework; name = CoreTelephony.framework; path = System/Library/Frameworks/CoreTelephony.framework; sourceTree = SDKROOT; };
		482343D01A5ABCC7008694CD /* CoreGraphics.framework */ = {isa = PBXFileReference; lastKnownFileType = wrapper.framework; name = CoreGraphics.framework; path = System/Library/Frameworks/CoreGraphics.framework; sourceTree = SDKROOT; };
		482343D21A5ABCCD008694CD /* AVFoundation.framework */ = {isa = PBXFileReference; lastKnownFileType = wrapper.framework; name = AVFoundation.framework; path = System/Library/Frameworks/AVFoundation.framework; sourceTree = SDKROOT; };
		482343D41A5ABCD4008694CD /* AdSupport.framework */ = {isa = PBXFileReference; lastKnownFileType = wrapper.framework; name = AdSupport.framework; path = System/Library/Frameworks/AdSupport.framework; sourceTree = SDKROOT; };
		482343D61A5ABCDC008694CD /* GameController.framework */ = {isa = PBXFileReference; lastKnownFileType = wrapper.framework; name = GameController.framework; path = System/Library/Frameworks/GameController.framework; sourceTree = SDKROOT; };
		482343D81A5ABCE7008694CD /* MediaPlayer.framework */ = {isa = PBXFileReference; lastKnownFileType = wrapper.framework; name = MediaPlayer.framework; path = System/Library/Frameworks/MediaPlayer.framework; sourceTree = SDKROOT; };
		482343DA1A5ABCF1008694CD /* SystemConfiguration.framework */ = {isa = PBXFileReference; lastKnownFileType = wrapper.framework; name = SystemConfiguration.framework; path = System/Library/Frameworks/SystemConfiguration.framework; sourceTree = SDKROOT; };
		482343DC1A5ABCFA008694CD /* AudioToolbox.framework */ = {isa = PBXFileReference; lastKnownFileType = wrapper.framework; name = AudioToolbox.framework; path = System/Library/Frameworks/AudioToolbox.framework; sourceTree = SDKROOT; };
		482343DE1A5ABD01008694CD /* MessageUI.framework */ = {isa = PBXFileReference; lastKnownFileType = wrapper.framework; name = MessageUI.framework; path = System/Library/Frameworks/MessageUI.framework; sourceTree = SDKROOT; };
		482343F61A5C3264008694CD /* libWeChatSDK.a */ = {isa = PBXFileReference; lastKnownFileType = archive.ar; path = libWeChatSDK.a; sourceTree = "<group>"; };
		482343F71A5C3264008694CD /* WXApi.h */ = {isa = PBXFileReference; fileEncoding = 4; lastKnownFileType = sourcecode.c.h; path = WXApi.h; sourceTree = "<group>"; };
		482343F81A5C3264008694CD /* WXApiObject.h */ = {isa = PBXFileReference; fileEncoding = 4; lastKnownFileType = sourcecode.c.h; path = WXApiObject.h; sourceTree = "<group>"; };
		486AE5ED1A52EA72002E75C6 /* NumTracker.app */ = {isa = PBXFileReference; explicitFileType = wrapper.application; includeInIndex = 0; path = NumTracker.app; sourceTree = BUILT_PRODUCTS_DIR; };
		486AE5F11A52EA72002E75C6 /* Info.plist */ = {isa = PBXFileReference; lastKnownFileType = text.plist.xml; path = Info.plist; sourceTree = "<group>"; };
		486AE5F21A52EA72002E75C6 /* main.m */ = {isa = PBXFileReference; lastKnownFileType = sourcecode.c.objc; path = main.m; sourceTree = "<group>"; };
		486AE5F41A52EA72002E75C6 /* AppDelegate.h */ = {isa = PBXFileReference; lastKnownFileType = sourcecode.c.h; path = AppDelegate.h; sourceTree = "<group>"; };
		486AE5F51A52EA72002E75C6 /* AppDelegate.m */ = {isa = PBXFileReference; lastKnownFileType = sourcecode.c.objc; path = AppDelegate.m; sourceTree = "<group>"; };
		486AE5F71A52EA72002E75C6 /* ViewController.h */ = {isa = PBXFileReference; lastKnownFileType = sourcecode.c.h; path = ViewController.h; sourceTree = "<group>"; };
		486AE5F81A52EA72002E75C6 /* ViewController.m */ = {isa = PBXFileReference; lastKnownFileType = sourcecode.c.objc; path = ViewController.m; sourceTree = "<group>"; };
		486AE5FB1A52EA72002E75C6 /* Base */ = {isa = PBXFileReference; lastKnownFileType = file.storyboard; name = Base; path = Base.lproj/Main.storyboard; sourceTree = "<group>"; };
		486AE5FD1A52EA72002E75C6 /* Images.xcassets */ = {isa = PBXFileReference; lastKnownFileType = folder.assetcatalog; path = Images.xcassets; sourceTree = "<group>"; };
		486AE6001A52EA72002E75C6 /* Base */ = {isa = PBXFileReference; lastKnownFileType = file.xib; name = Base; path = Base.lproj/LaunchScreen.xib; sourceTree = "<group>"; };
		486AE6061A52EA72002E75C6 /* NumTrackerTests.xctest */ = {isa = PBXFileReference; explicitFileType = wrapper.cfbundle; includeInIndex = 0; path = NumTrackerTests.xctest; sourceTree = BUILT_PRODUCTS_DIR; };
		486AE60B1A52EA72002E75C6 /* Info.plist */ = {isa = PBXFileReference; lastKnownFileType = text.plist.xml; path = Info.plist; sourceTree = "<group>"; };
		486AE60C1A52EA72002E75C6 /* NumTrackerTests.m */ = {isa = PBXFileReference; lastKnownFileType = sourcecode.c.objc; path = NumTrackerTests.m; sourceTree = "<group>"; };
		486AE6161A52EB03002E75C6 /* MyImageView.h */ = {isa = PBXFileReference; fileEncoding = 4; lastKnownFileType = sourcecode.c.h; path = MyImageView.h; sourceTree = "<group>"; };
		486AE6171A52EB03002E75C6 /* MyImageView.m */ = {isa = PBXFileReference; fileEncoding = 4; lastKnownFileType = sourcecode.c.objc; path = MyImageView.m; sourceTree = "<group>"; };
		486AE6191A52F19D002E75C6 /* dataStruct.h */ = {isa = PBXFileReference; fileEncoding = 4; lastKnownFileType = sourcecode.c.h; path = dataStruct.h; sourceTree = "<group>"; };
		486AE61A1A52F19D002E75C6 /* dataStruct.m */ = {isa = PBXFileReference; fileEncoding = 4; lastKnownFileType = sourcecode.c.objc; path = dataStruct.m; sourceTree = "<group>"; };
/* End PBXFileReference section */

/* Begin PBXFrameworksBuildPhase section */
		486AE5EA1A52EA72002E75C6 /* Frameworks */ = {
			isa = PBXFrameworksBuildPhase;
			buildActionMask = 2147483647;
			files = (
				482343F91A5C3264008694CD /* libWeChatSDK.a in Frameworks */,
				482343DF1A5ABD01008694CD /* MessageUI.framework in Frameworks */,
				482343DD1A5ABCFA008694CD /* AudioToolbox.framework in Frameworks */,
				482343DB1A5ABCF1008694CD /* SystemConfiguration.framework in Frameworks */,
				482343D91A5ABCE7008694CD /* MediaPlayer.framework in Frameworks */,
				482343D71A5ABCDC008694CD /* GameController.framework in Frameworks */,
				482343D51A5ABCD4008694CD /* AdSupport.framework in Frameworks */,
				482343D31A5ABCCD008694CD /* AVFoundation.framework in Frameworks */,
				482343D11A5ABCC7008694CD /* CoreGraphics.framework in Frameworks */,
				482343CF1A5ABCBD008694CD /* CoreTelephony.framework in Frameworks */,
				482343CD1A5ABCB5008694CD /* EventKit.framework in Frameworks */,
				482343CB1A5ABCAF008694CD /* EventKitUI.framework in Frameworks */,
				482343C91A5ABCA5008694CD /* StoreKit.framework in Frameworks */,
				482343C71A5ABC50008694CD /* libGoogleAdMobAds.a in Frameworks */,
			);
			runOnlyForDeploymentPostprocessing = 0;
		};
		486AE6031A52EA72002E75C6 /* Frameworks */ = {
			isa = PBXFrameworksBuildPhase;
			buildActionMask = 2147483647;
			files = (
			);
			runOnlyForDeploymentPostprocessing = 0;
		};
/* End PBXFrameworksBuildPhase section */

/* Begin PBXGroup section */
		480FAC8B1A54358500C41BDA /* JSONKit */ = {
			isa = PBXGroup;
			children = (
				480FAC8C1A54358500C41BDA /* JSONKit.h */,
				480FAC8D1A54358500C41BDA /* JSONKit.m */,
			);
			path = JSONKit;
			sourceTree = "<group>";
		};
		482337541A5D4EED00F35E44 /* Images */ = {
			isa = PBXGroup;
			children = (
				482337551A5D4EED00F35E44 /* base.png */,
				482337561A5D4EED00F35E44 /* d_move_0.png */,
				482337571A5D4EED00F35E44 /* d_move_1.png */,
				482337581A5D4EED00F35E44 /* d_move_10.png */,
				482337591A5D4EED00F35E44 /* d_move_11.png */,
				4823375A1A5D4EED00F35E44 /* d_move_12.png */,
				4823375B1A5D4EED00F35E44 /* d_move_13.png */,
				4823375C1A5D4EED00F35E44 /* d_move_14.png */,
				4823375D1A5D4EED00F35E44 /* d_move_15.png */,
				4823375E1A5D4EED00F35E44 /* d_move_16.png */,
				4823375F1A5D4EED00F35E44 /* d_move_17.png */,
				482337601A5D4EED00F35E44 /* d_move_18.png */,
				482337611A5D4EED00F35E44 /* d_move_19.png */,
				482337621A5D4EED00F35E44 /* d_move_2.png */,
				482337631A5D4EED00F35E44 /* d_move_20.png */,
				482337641A5D4EED00F35E44 /* d_move_21.png */,
				482337651A5D4EED00F35E44 /* d_move_22.png */,
				482337661A5D4EED00F35E44 /* d_move_23.png */,
				482337671A5D4EED00F35E44 /* d_move_24.png */,
				482337681A5D4EED00F35E44 /* d_move_25.png */,
				482337691A5D4EED00F35E44 /* d_move_26.png */,
				4823376A1A5D4EED00F35E44 /* d_move_27.png */,
				4823376B1A5D4EED00F35E44 /* d_move_28.png */,
				4823376C1A5D4EED00F35E44 /* d_move_29.png */,
				4823376D1A5D4EED00F35E44 /* d_move_3.png */,
				4823376E1A5D4EED00F35E44 /* d_move_30.png */,
				4823376F1A5D4EED00F35E44 /* d_move_31.png */,
				482337701A5D4EED00F35E44 /* d_move_32.png */,
				482337711A5D4EED00F35E44 /* d_move_33.png */,
				482337721A5D4EED00F35E44 /* d_move_34.png */,
				482337731A5D4EED00F35E44 /* d_move_35.png */,
				482337741A5D4EED00F35E44 /* d_move_36.png */,
				482337751A5D4EED00F35E44 /* d_move_37.png */,
				482337761A5D4EED00F35E44 /* d_move_38.png */,
				482337771A5D4EED00F35E44 /* d_move_39.png */,
				482337781A5D4EED00F35E44 /* d_move_4.png */,
				482337791A5D4EED00F35E44 /* d_move_40.png */,
				4823377A1A5D4EED00F35E44 /* d_move_41.png */,
				4823377B1A5D4EED00F35E44 /* d_move_42.png */,
				4823377C1A5D4EED00F35E44 /* d_move_43.png */,
				4823377D1A5D4EED00F35E44 /* d_move_44.png */,
				4823377E1A5D4EED00F35E44 /* d_move_45.png */,
				4823377F1A5D4EED00F35E44 /* d_move_46.png */,
				482337801A5D4EED00F35E44 /* d_move_47.png */,
				482337811A5D4EED00F35E44 /* d_move_48.png */,
				482337821A5D4EED00F35E44 /* d_move_49.png */,
				482337831A5D4EED00F35E44 /* d_move_5.png */,
				482337841A5D4EED00F35E44 /* d_move_50.png */,
				482337851A5D4EED00F35E44 /* d_move_6.png */,
				482337861A5D4EED00F35E44 /* d_move_7.png */,
				482337871A5D4EED00F35E44 /* d_move_8.png */,
				482337881A5D4EED00F35E44 /* d_move_9.png */,
				482337891A5D4EED00F35E44 /* empty.png */,
				4823378A1A5D4EED00F35E44 /* empty_1.png */,
				4823378B1A5D4EED00F35E44 /* empty_2.png */,
				4823378C1A5D4EED00F35E44 /* success.png */,
				4823378D1A5D4EED00F35E44 /* move_0.png */,
				4823378E1A5D4EED00F35E44 /* move_1.png */,
				4823378F1A5D4EED00F35E44 /* move_10.png */,
				482337901A5D4EED00F35E44 /* move_11.png */,
				482337911A5D4EED00F35E44 /* move_12.png */,
				482337921A5D4EED00F35E44 /* move_13.png */,
				482337931A5D4EED00F35E44 /* move_14.png */,
				482337941A5D4EED00F35E44 /* move_15.png */,
				482337951A5D4EED00F35E44 /* move_16.png */,
				482337961A5D4EED00F35E44 /* move_17.png */,
				482337971A5D4EED00F35E44 /* move_18.png */,
				482337981A5D4EED00F35E44 /* move_19.png */,
				482337991A5D4EED00F35E44 /* move_2.png */,
				4823379A1A5D4EED00F35E44 /* move_20.png */,
				4823379B1A5D4EED00F35E44 /* move_21.png */,
				4823379C1A5D4EED00F35E44 /* move_22.png */,
				4823379D1A5D4EED00F35E44 /* move_23.png */,
				4823379E1A5D4EED00F35E44 /* move_24.png */,
				4823379F1A5D4EED00F35E44 /* move_25.png */,
				482337A01A5D4EED00F35E44 /* move_26.png */,
				482337A11A5D4EED00F35E44 /* move_27.png */,
				482337A21A5D4EED00F35E44 /* move_28.png */,
				482337A31A5D4EED00F35E44 /* move_29.png */,
				482337A41A5D4EED00F35E44 /* move_3.png */,
				482337A51A5D4EED00F35E44 /* move_30.png */,
				482337A61A5D4EED00F35E44 /* move_31.png */,
				482337A71A5D4EED00F35E44 /* move_32.png */,
				482337A81A5D4EED00F35E44 /* move_33.png */,
				482337A91A5D4EED00F35E44 /* move_34.png */,
				482337AA1A5D4EED00F35E44 /* move_35.png */,
				482337AB1A5D4EED00F35E44 /* move_36.png */,
				482337AC1A5D4EED00F35E44 /* move_37.png */,
				482337AD1A5D4EED00F35E44 /* move_38.png */,
				482337AE1A5D4EED00F35E44 /* move_39.png */,
				482337AF1A5D4EED00F35E44 /* move_4.png */,
				482337B01A5D4EED00F35E44 /* move_40.png */,
				482337B11A5D4EED00F35E44 /* move_41.png */,
				482337B21A5D4EED00F35E44 /* move_42.png */,
				482337B31A5D4EED00F35E44 /* move_43.png */,
				482337B41A5D4EED00F35E44 /* move_44.png */,
				482337B51A5D4EED00F35E44 /* move_45.png */,
				482337B61A5D4EED00F35E44 /* move_46.png */,
				482337B71A5D4EED00F35E44 /* move_47.png */,
				482337B81A5D4EED00F35E44 /* move_48.png */,
				482337B91A5D4EED00F35E44 /* move_49.png */,
				482337BA1A5D4EED00F35E44 /* move_5.png */,
				482337BB1A5D4EED00F35E44 /* move_50.png */,
				482337BC1A5D4EED00F35E44 /* move_6.png */,
				482337BD1A5D4EED00F35E44 /* move_7.png */,
				482337BE1A5D4EED00F35E44 /* move_8.png */,
				482337BF1A5D4EED00F35E44 /* move_9.png */,
				482337C01A5D4EED00F35E44 /* num_0.png */,
				482337C11A5D4EED00F35E44 /* num_1.png */,
				482337C21A5D4EED00F35E44 /* num_10.png */,
				482337C31A5D4EED00F35E44 /* num_11.png */,
				482337C41A5D4EED00F35E44 /* num_12.png */,
				482337C51A5D4EED00F35E44 /* num_13.png */,
				482337C61A5D4EED00F35E44 /* num_14.png */,
				482337C71A5D4EED00F35E44 /* num_15.png */,
				482337C81A5D4EED00F35E44 /* num_16.png */,
				482337C91A5D4EED00F35E44 /* num_17.png */,
				482337CA1A5D4EED00F35E44 /* num_18.png */,
				482337CB1A5D4EED00F35E44 /* num_19.png */,
				482337CC1A5D4EED00F35E44 /* num_2.png */,
				482337CD1A5D4EED00F35E44 /* num_3.png */,
				482337CE1A5D4EED00F35E44 /* num_4.png */,
				482337CF1A5D4EED00F35E44 /* num_5.png */,
				482337D01A5D4EED00F35E44 /* num_6.png */,
				482337D11A5D4EED00F35E44 /* num_7.png */,
				482337D21A5D4EED00F35E44 /* num_8.png */,
				482337D31A5D4EED00F35E44 /* num_9.png */,
			);
			path = Images;
			sourceTree = "<group>";
		};
		482338561A5D86D000F35E44 /* iphone4s */ = {
			isa = PBXGroup;
			children = (
				482338571A5D86D000F35E44 /* 4s_0.txt */,
				482338581A5D86D000F35E44 /* 4s_1.txt */,
				482338591A5D86D000F35E44 /* 4s_2.txt */,
				4823385A1A5D86D000F35E44 /* 4s_3.txt */,
				4823385B1A5D86D000F35E44 /* 4s_4.txt */,
				4823385C1A5D86D000F35E44 /* 4s_5.txt */,
				4823385D1A5D86D000F35E44 /* 4s_6.txt */,
				4823385E1A5D86D000F35E44 /* 4s_7.txt */,
				4823385F1A5D86D000F35E44 /* 4s_8.txt */,
			);
			path = iphone4s;
			sourceTree = "<group>";
		};
		482343B91A5ABC50008694CD /* admob */ = {
			isa = PBXGroup;
			children = (
				482343BA1A5ABC50008694CD /* GADAdMobExtras.h */,
				482343BB1A5ABC50008694CD /* GADAdNetworkExtras.h */,
				482343BC1A5ABC50008694CD /* GADAdSize.h */,
				482343BD1A5ABC50008694CD /* GADBannerView.h */,
				482343BE1A5ABC50008694CD /* GADBannerViewDelegate.h */,
				482343BF1A5ABC50008694CD /* GADInAppPurchase.h */,
				482343C01A5ABC50008694CD /* GADInAppPurchaseDelegate.h */,
				482343C11A5ABC50008694CD /* GADInterstitial.h */,
				482343C21A5ABC50008694CD /* GADInterstitialDelegate.h */,
				482343C31A5ABC50008694CD /* GADModules.h */,
				482343C41A5ABC50008694CD /* GADRequest.h */,
				482343C51A5ABC50008694CD /* GADRequestError.h */,
				482343C61A5ABC50008694CD /* libGoogleAdMobAds.a */,
			);
			path = admob;
			sourceTree = "<group>";
		};
		482343F51A5C3264008694CD /* WeChatSDK */ = {
			isa = PBXGroup;
			children = (
				482343F61A5C3264008694CD /* libWeChatSDK.a */,
				482343F71A5C3264008694CD /* WXApi.h */,
				482343F81A5C3264008694CD /* WXApiObject.h */,
			);
			path = WeChatSDK;
			sourceTree = "<group>";
		};
		486AE5E41A52EA72002E75C6 = {
			isa = PBXGroup;
			children = (
				482343DE1A5ABD01008694CD /* MessageUI.framework */,
				482343DC1A5ABCFA008694CD /* AudioToolbox.framework */,
				482343DA1A5ABCF1008694CD /* SystemConfiguration.framework */,
				482343D81A5ABCE7008694CD /* MediaPlayer.framework */,
				482343D61A5ABCDC008694CD /* GameController.framework */,
				482343D41A5ABCD4008694CD /* AdSupport.framework */,
				482343D21A5ABCCD008694CD /* AVFoundation.framework */,
				482343D01A5ABCC7008694CD /* CoreGraphics.framework */,
				482343CE1A5ABCBD008694CD /* CoreTelephony.framework */,
				482343CC1A5ABCB5008694CD /* EventKit.framework */,
				482343CA1A5ABCAF008694CD /* EventKitUI.framework */,
				482343C81A5ABCA5008694CD /* StoreKit.framework */,
				486AE5EF1A52EA72002E75C6 /* NumTracker */,
				486AE6091A52EA72002E75C6 /* NumTrackerTests */,
				486AE5EE1A52EA72002E75C6 /* Products */,
			);
			sourceTree = "<group>";
		};
		486AE5EE1A52EA72002E75C6 /* Products */ = {
			isa = PBXGroup;
			children = (
				486AE5ED1A52EA72002E75C6 /* NumTracker.app */,
				486AE6061A52EA72002E75C6 /* NumTrackerTests.xctest */,
			);
			name = Products;
			sourceTree = "<group>";
		};
		486AE5EF1A52EA72002E75C6 /* NumTracker */ = {
			isa = PBXGroup;
			children = (
				486AE6191A52F19D002E75C6 /* dataStruct.h */,
				486AE61A1A52F19D002E75C6 /* dataStruct.m */,
				486AE5F41A52EA72002E75C6 /* AppDelegate.h */,
				486AE5F51A52EA72002E75C6 /* AppDelegate.m */,
				486AE5F71A52EA72002E75C6 /* ViewController.h */,
				486AE5F81A52EA72002E75C6 /* ViewController.m */,
				486AE5FA1A52EA72002E75C6 /* Main.storyboard */,
				486AE5FD1A52EA72002E75C6 /* Images.xcassets */,
				486AE5FF1A52EA72002E75C6 /* LaunchScreen.xib */,
				486AE5F01A52EA72002E75C6 /* Supporting Files */,
				486AE6161A52EB03002E75C6 /* MyImageView.h */,
				486AE6171A52EB03002E75C6 /* MyImageView.m */,
			);
			path = NumTracker;
			sourceTree = "<group>";
		};
		486AE5F01A52EA72002E75C6 /* Supporting Files */ = {
			isa = PBXGroup;
			children = (
				482343F51A5C3264008694CD /* WeChatSDK */,
				482343B91A5ABC50008694CD /* admob */,
				480FAC8B1A54358500C41BDA /* JSONKit */,
				486AE61C1A52F6C3002E75C6 /* Resource */,
				486AE5F11A52EA72002E75C6 /* Info.plist */,
				486AE5F21A52EA72002E75C6 /* main.m */,
				482338531A5D694700F35E44 /* AboutViewController.h */,
				482338541A5D694700F35E44 /* AboutViewController.m */,
			);
			name = "Supporting Files";
			sourceTree = "<group>";
		};
		486AE6091A52EA72002E75C6 /* NumTrackerTests */ = {
			isa = PBXGroup;
			children = (
				486AE60C1A52EA72002E75C6 /* NumTrackerTests.m */,
				486AE60A1A52EA72002E75C6 /* Supporting Files */,
			);
			path = NumTrackerTests;
			sourceTree = "<group>";
		};
		486AE60A1A52EA72002E75C6 /* Supporting Files */ = {
			isa = PBXGroup;
			children = (
				486AE60B1A52EA72002E75C6 /* Info.plist */,
			);
			name = "Supporting Files";
			sourceTree = "<group>";
		};
		486AE61C1A52F6C3002E75C6 /* Resource */ = {
			isa = PBXGroup;
			children = (
				482338561A5D86D000F35E44 /* iphone4s */,
				482337541A5D4EED00F35E44 /* Images */,
			);
			path = Resource;
			sourceTree = "<group>";
		};
/* End PBXGroup section */

/* Begin PBXNativeTarget section */
		486AE5EC1A52EA72002E75C6 /* NumTracker */ = {
			isa = PBXNativeTarget;
			buildConfigurationList = 486AE6101A52EA72002E75C6 /* Build configuration list for PBXNativeTarget "NumTracker" */;
			buildPhases = (
				486AE5E91A52EA72002E75C6 /* Sources */,
				486AE5EA1A52EA72002E75C6 /* Frameworks */,
				486AE5EB1A52EA72002E75C6 /* Resources */,
			);
			buildRules = (
			);
			dependencies = (
			);
			name = NumTracker;
			productName = NumTracker;
			productReference = 486AE5ED1A52EA72002E75C6 /* NumTracker.app */;
			productType = "com.apple.product-type.application";
		};
		486AE6051A52EA72002E75C6 /* NumTrackerTests */ = {
			isa = PBXNativeTarget;
			buildConfigurationList = 486AE6131A52EA72002E75C6 /* Build configuration list for PBXNativeTarget "NumTrackerTests" */;
			buildPhases = (
				486AE6021A52EA72002E75C6 /* Sources */,
				486AE6031A52EA72002E75C6 /* Frameworks */,
				486AE6041A52EA72002E75C6 /* Resources */,
			);
			buildRules = (
			);
			dependencies = (
				486AE6081A52EA72002E75C6 /* PBXTargetDependency */,
			);
			name = NumTrackerTests;
			productName = NumTrackerTests;
			productReference = 486AE6061A52EA72002E75C6 /* NumTrackerTests.xctest */;
			productType = "com.apple.product-type.bundle.unit-test";
		};
/* End PBXNativeTarget section */

/* Begin PBXProject section */
		486AE5E51A52EA72002E75C6 /* Project object */ = {
			isa = PBXProject;
			attributes = {
				LastUpgradeCheck = 0610;
				ORGANIZATIONNAME = "zhuang chaoxiao";
				TargetAttributes = {
					486AE5EC1A52EA72002E75C6 = {
						CreatedOnToolsVersion = 6.1.1;
						DevelopmentTeam = 398SEH57CU;
					};
					486AE6051A52EA72002E75C6 = {
						CreatedOnToolsVersion = 6.1.1;
						TestTargetID = 486AE5EC1A52EA72002E75C6;
					};
				};
			};
			buildConfigurationList = 486AE5E81A52EA72002E75C6 /* Build configuration list for PBXProject "NumTracker" */;
			compatibilityVersion = "Xcode 3.2";
			developmentRegion = English;
			hasScannedForEncodings = 0;
			knownRegions = (
				en,
				Base,
			);
			mainGroup = 486AE5E41A52EA72002E75C6;
			productRefGroup = 486AE5EE1A52EA72002E75C6 /* Products */;
			projectDirPath = "";
			projectRoot = "";
			targets = (
				486AE5EC1A52EA72002E75C6 /* NumTracker */,
				486AE6051A52EA72002E75C6 /* NumTrackerTests */,
			);
		};
/* End PBXProject section */

/* Begin PBXResourcesBuildPhase section */
		486AE5EB1A52EA72002E75C6 /* Resources */ = {
			isa = PBXResourcesBuildPhase;
			buildActionMask = 2147483647;
			files = (
				482338371A5D4EED00F35E44 /* move_48.png in Resources */,
				4823381B1A5D4EED00F35E44 /* move_22.png in Resources */,
				482337FE1A5D4EED00F35E44 /* d_move_46.png in Resources */,
				482337D91A5D4EED00F35E44 /* d_move_12.png in Resources */,
				486AE5FC1A52EA72002E75C6 /* Main.storyboard in Resources */,
				482338451A5D4EED00F35E44 /* num_14.png in Resources */,
				482337E11A5D4EED00F35E44 /* d_move_2.png in Resources */,
				482338161A5D4EED00F35E44 /* move_18.png in Resources */,
				482338411A5D4EED00F35E44 /* num_10.png in Resources */,
				482337E61A5D4EED00F35E44 /* d_move_24.png in Resources */,
				482338171A5D4EED00F35E44 /* move_19.png in Resources */,
				482338601A5D86D000F35E44 /* 4s_0.txt in Resources */,
				482337FB1A5D4EED00F35E44 /* d_move_43.png in Resources */,
				482338391A5D4EED00F35E44 /* move_5.png in Resources */,
				4823381C1A5D4EED00F35E44 /* move_23.png in Resources */,
				482338111A5D4EED00F35E44 /* move_13.png in Resources */,
				4823380E1A5D4EED00F35E44 /* move_10.png in Resources */,
				482338331A5D4EED00F35E44 /* move_44.png in Resources */,
				482338441A5D4EED00F35E44 /* num_13.png in Resources */,
				482338061A5D4EED00F35E44 /* d_move_8.png in Resources */,
				482337E91A5D4EED00F35E44 /* d_move_27.png in Resources */,
				482337DF1A5D4EED00F35E44 /* d_move_18.png in Resources */,
				482338321A5D4EED00F35E44 /* move_43.png in Resources */,
				482338071A5D4EED00F35E44 /* d_move_9.png in Resources */,
				482338121A5D4EED00F35E44 /* move_14.png in Resources */,
				482337DB1A5D4EED00F35E44 /* d_move_14.png in Resources */,
				482338131A5D4EED00F35E44 /* move_15.png in Resources */,
				482337E21A5D4EED00F35E44 /* d_move_20.png in Resources */,
				482337E81A5D4EED00F35E44 /* d_move_26.png in Resources */,
				482337DA1A5D4EED00F35E44 /* d_move_13.png in Resources */,
				482338311A5D4EED00F35E44 /* move_42.png in Resources */,
				4823383F1A5D4EED00F35E44 /* num_0.png in Resources */,
				482337FC1A5D4EED00F35E44 /* d_move_44.png in Resources */,
				482338241A5D4EED00F35E44 /* move_30.png in Resources */,
				4823382F1A5D4EED00F35E44 /* move_40.png in Resources */,
				482337E71A5D4EED00F35E44 /* d_move_25.png in Resources */,
				482338201A5D4EED00F35E44 /* move_27.png in Resources */,
				4823382D1A5D4EED00F35E44 /* move_39.png in Resources */,
				482338491A5D4EED00F35E44 /* num_18.png in Resources */,
				482338151A5D4EED00F35E44 /* move_17.png in Resources */,
				4823380C1A5D4EED00F35E44 /* move_0.png in Resources */,
				482337F61A5D4EED00F35E44 /* d_move_39.png in Resources */,
				482337DD1A5D4EED00F35E44 /* d_move_16.png in Resources */,
				4823382B1A5D4EED00F35E44 /* move_37.png in Resources */,
				482338351A5D4EED00F35E44 /* move_46.png in Resources */,
				482338471A5D4EED00F35E44 /* num_16.png in Resources */,
				482338101A5D4EED00F35E44 /* move_12.png in Resources */,
				482337DE1A5D4EED00F35E44 /* d_move_17.png in Resources */,
				482338021A5D4EED00F35E44 /* d_move_5.png in Resources */,
				482338461A5D4EED00F35E44 /* num_15.png in Resources */,
				482338641A5D86D000F35E44 /* 4s_4.txt in Resources */,
				482338211A5D4EED00F35E44 /* move_28.png in Resources */,
				4823382E1A5D4EED00F35E44 /* move_4.png in Resources */,
				482338271A5D4EED00F35E44 /* move_33.png in Resources */,
				4823383B1A5D4EED00F35E44 /* move_6.png in Resources */,
				4823384B1A5D4EED00F35E44 /* num_2.png in Resources */,
				482338001A5D4EED00F35E44 /* d_move_48.png in Resources */,
				482337D41A5D4EED00F35E44 /* base.png in Resources */,
				482337ED1A5D4EED00F35E44 /* d_move_30.png in Resources */,
				482338501A5D4EED00F35E44 /* num_7.png in Resources */,
				482338431A5D4EED00F35E44 /* num_12.png in Resources */,
				482338081A5D4EED00F35E44 /* empty.png in Resources */,
				482337EE1A5D4EED00F35E44 /* d_move_31.png in Resources */,
				4823381E1A5D4EED00F35E44 /* move_25.png in Resources */,
				482338181A5D4EED00F35E44 /* move_2.png in Resources */,
				482337FF1A5D4EED00F35E44 /* d_move_47.png in Resources */,
				4823380A1A5D4EED00F35E44 /* empty_2.png in Resources */,
				4823382C1A5D4EED00F35E44 /* move_38.png in Resources */,
				482337E51A5D4EED00F35E44 /* d_move_23.png in Resources */,
				4823383E1A5D4EED00F35E44 /* move_9.png in Resources */,
				482337D81A5D4EED00F35E44 /* d_move_11.png in Resources */,
				482337F81A5D4EED00F35E44 /* d_move_40.png in Resources */,
				482338381A5D4EED00F35E44 /* move_49.png in Resources */,
				482337D71A5D4EED00F35E44 /* d_move_10.png in Resources */,
				4823381F1A5D4EED00F35E44 /* move_26.png in Resources */,
				482337E31A5D4EED00F35E44 /* d_move_21.png in Resources */,
				4823384C1A5D4EED00F35E44 /* num_3.png in Resources */,
				482338091A5D4EED00F35E44 /* empty_1.png in Resources */,
				482337F41A5D4EED00F35E44 /* d_move_37.png in Resources */,
				482338051A5D4EED00F35E44 /* d_move_7.png in Resources */,
				4823380B1A5D4EED00F35E44 /* success.png in Resources */,
				4823381D1A5D4EED00F35E44 /* move_24.png in Resources */,
				482337D51A5D4EED00F35E44 /* d_move_0.png in Resources */,
				482337FD1A5D4EED00F35E44 /* d_move_45.png in Resources */,
				486AE6011A52EA72002E75C6 /* LaunchScreen.xib in Resources */,
				4823383D1A5D4EED00F35E44 /* move_8.png in Resources */,
				482338221A5D4EED00F35E44 /* move_29.png in Resources */,
				482338481A5D4EED00F35E44 /* num_17.png in Resources */,
				482338141A5D4EED00F35E44 /* move_16.png in Resources */,
				482338401A5D4EED00F35E44 /* num_1.png in Resources */,
				482337EB1A5D4EED00F35E44 /* d_move_29.png in Resources */,
				482337EC1A5D4EED00F35E44 /* d_move_3.png in Resources */,
				482338521A5D4EED00F35E44 /* num_9.png in Resources */,
				482338341A5D4EED00F35E44 /* move_45.png in Resources */,
				482338631A5D86D000F35E44 /* 4s_3.txt in Resources */,
				482337E01A5D4EED00F35E44 /* d_move_19.png in Resources */,
				482338361A5D4EED00F35E44 /* move_47.png in Resources */,
				482337F51A5D4EED00F35E44 /* d_move_38.png in Resources */,
				4823381A1A5D4EED00F35E44 /* move_21.png in Resources */,
				482338041A5D4EED00F35E44 /* d_move_6.png in Resources */,
				482338191A5D4EED00F35E44 /* move_20.png in Resources */,
				4823384F1A5D4EED00F35E44 /* num_6.png in Resources */,
				482338231A5D4EED00F35E44 /* move_3.png in Resources */,
				482338681A5D86D000F35E44 /* 4s_8.txt in Resources */,
				482337F31A5D4EED00F35E44 /* d_move_36.png in Resources */,
				4823384D1A5D4EED00F35E44 /* num_4.png in Resources */,
				482338651A5D86D000F35E44 /* 4s_5.txt in Resources */,
				482338261A5D4EED00F35E44 /* move_32.png in Resources */,
				482338281A5D4EED00F35E44 /* move_34.png in Resources */,
				482338031A5D4EED00F35E44 /* d_move_50.png in Resources */,
				4823384A1A5D4EED00F35E44 /* num_19.png in Resources */,
				482337DC1A5D4EED00F35E44 /* d_move_15.png in Resources */,
				482337EA1A5D4EED00F35E44 /* d_move_28.png in Resources */,
				486AE5FE1A52EA72002E75C6 /* Images.xcassets in Resources */,
				482337F21A5D4EED00F35E44 /* d_move_35.png in Resources */,
				482338301A5D4EED00F35E44 /* move_41.png in Resources */,
				482337F01A5D4EED00F35E44 /* d_move_33.png in Resources */,
				482338291A5D4EED00F35E44 /* move_35.png in Resources */,
				482338511A5D4EED00F35E44 /* num_8.png in Resources */,
				4823380F1A5D4EED00F35E44 /* move_11.png in Resources */,
				482337D61A5D4EED00F35E44 /* d_move_1.png in Resources */,
				482337F71A5D4EED00F35E44 /* d_move_4.png in Resources */,
				482337F91A5D4EED00F35E44 /* d_move_41.png in Resources */,
				4823380D1A5D4EED00F35E44 /* move_1.png in Resources */,
				482338251A5D4EED00F35E44 /* move_31.png in Resources */,
				482337EF1A5D4EED00F35E44 /* d_move_32.png in Resources */,
				4823383A1A5D4EED00F35E44 /* move_50.png in Resources */,
				4823384E1A5D4EED00F35E44 /* num_5.png in Resources */,
				482338621A5D86D000F35E44 /* 4s_2.txt in Resources */,
				482338421A5D4EED00F35E44 /* num_11.png in Resources */,
				482338611A5D86D000F35E44 /* 4s_1.txt in Resources */,
				482338011A5D4EED00F35E44 /* d_move_49.png in Resources */,
				4823383C1A5D4EED00F35E44 /* move_7.png in Resources */,
				482337F11A5D4EED00F35E44 /* d_move_34.png in Resources */,
				482337FA1A5D4EED00F35E44 /* d_move_42.png in Resources */,
				4823382A1A5D4EED00F35E44 /* move_36.png in Resources */,
				482338661A5D86D000F35E44 /* 4s_6.txt in Resources */,
				482337E41A5D4EED00F35E44 /* d_move_22.png in Resources */,
				482338671A5D86D000F35E44 /* 4s_7.txt in Resources */,
			);
			runOnlyForDeploymentPostprocessing = 0;
		};
		486AE6041A52EA72002E75C6 /* Resources */ = {
			isa = PBXResourcesBuildPhase;
			buildActionMask = 2147483647;
			files = (
			);
			runOnlyForDeploymentPostprocessing = 0;
		};
/* End PBXResourcesBuildPhase section */

/* Begin PBXSourcesBuildPhase section */
		486AE5E91A52EA72002E75C6 /* Sources */ = {
			isa = PBXSourcesBuildPhase;
			buildActionMask = 2147483647;
			files = (
				486AE6181A52EB03002E75C6 /* MyImageView.m in Sources */,
				486AE5F91A52EA72002E75C6 /* ViewController.m in Sources */,
				480FAC8E1A54358500C41BDA /* JSONKit.m in Sources */,
				482338551A5D694700F35E44 /* AboutViewController.m in Sources */,
				486AE61B1A52F19D002E75C6 /* dataStruct.m in Sources */,
				486AE5F61A52EA72002E75C6 /* AppDelegate.m in Sources */,
				486AE5F31A52EA72002E75C6 /* main.m in Sources */,
			);
			runOnlyForDeploymentPostprocessing = 0;
		};
		486AE6021A52EA72002E75C6 /* Sources */ = {
			isa = PBXSourcesBuildPhase;
			buildActionMask = 2147483647;
			files = (
				486AE60D1A52EA72002E75C6 /* NumTrackerTests.m in Sources */,
			);
			runOnlyForDeploymentPostprocessing = 0;
		};
/* End PBXSourcesBuildPhase section */

/* Begin PBXTargetDependency section */
		486AE6081A52EA72002E75C6 /* PBXTargetDependency */ = {
			isa = PBXTargetDependency;
			target = 486AE5EC1A52EA72002E75C6 /* NumTracker */;
			targetProxy = 486AE6071A52EA72002E75C6 /* PBXContainerItemProxy */;
		};
/* End PBXTargetDependency section */

/* Begin PBXVariantGroup section */
		486AE5FA1A52EA72002E75C6 /* Main.storyboard */ = {
			isa = PBXVariantGroup;
			children = (
				486AE5FB1A52EA72002E75C6 /* Base */,
			);
			name = Main.storyboard;
			sourceTree = "<group>";
		};
		486AE5FF1A52EA72002E75C6 /* LaunchScreen.xib */ = {
			isa = PBXVariantGroup;
			children = (
				486AE6001A52EA72002E75C6 /* Base */,
			);
			name = LaunchScreen.xib;
			sourceTree = "<group>";
		};
/* End PBXVariantGroup section */

/* Begin XCBuildConfiguration section */
		486AE60E1A52EA72002E75C6 /* Debug */ = {
			isa = XCBuildConfiguration;
			buildSettings = {
				ALWAYS_SEARCH_USER_PATHS = NO;
				CLANG_CXX_LANGUAGE_STANDARD = "gnu++0x";
				CLANG_CXX_LIBRARY = "libc++";
				CLANG_ENABLE_MODULES = YES;
				CLANG_ENABLE_OBJC_ARC = YES;
				CLANG_WARN_BOOL_CONVERSION = YES;
				CLANG_WARN_CONSTANT_CONVERSION = YES;
				CLANG_WARN_DIRECT_OBJC_ISA_USAGE = YES_ERROR;
				CLANG_WARN_EMPTY_BODY = YES;
				CLANG_WARN_ENUM_CONVERSION = YES;
				CLANG_WARN_INT_CONVERSION = YES;
				CLANG_WARN_OBJC_ROOT_CLASS = YES_ERROR;
				CLANG_WARN_UNREACHABLE_CODE = YES;
				CLANG_WARN__DUPLICATE_METHOD_MATCH = YES;
				CODE_SIGN_IDENTITY = "iPhone Developer";
				"CODE_SIGN_IDENTITY[sdk=iphoneos*]" = "iPhone Developer";
				COPY_PHASE_STRIP = NO;
				ENABLE_STRICT_OBJC_MSGSEND = YES;
				GCC_C_LANGUAGE_STANDARD = gnu99;
				GCC_DYNAMIC_NO_PIC = NO;
				GCC_OPTIMIZATION_LEVEL = 0;
				GCC_PREPROCESSOR_DEFINITIONS = (
					"DEBUG=1",
					"$(inherited)",
				);
				GCC_SYMBOLS_PRIVATE_EXTERN = NO;
				GCC_WARN_64_TO_32_BIT_CONVERSION = YES;
				GCC_WARN_ABOUT_RETURN_TYPE = YES_ERROR;
				GCC_WARN_UNDECLARED_SELECTOR = YES;
				GCC_WARN_UNINITIALIZED_AUTOS = YES_AGGRESSIVE;
				GCC_WARN_UNUSED_FUNCTION = YES;
				GCC_WARN_UNUSED_VARIABLE = YES;
				IPHONEOS_DEPLOYMENT_TARGET = 8.1;
				MTL_ENABLE_DEBUG_INFO = YES;
				ONLY_ACTIVE_ARCH = YES;
				SDKROOT = iphoneos;
			};
			name = Debug;
		};
		486AE60F1A52EA72002E75C6 /* Release */ = {
			isa = XCBuildConfiguration;
			buildSettings = {
				ALWAYS_SEARCH_USER_PATHS = NO;
				CLANG_CXX_LANGUAGE_STANDARD = "gnu++0x";
				CLANG_CXX_LIBRARY = "libc++";
				CLANG_ENABLE_MODULES = YES;
				CLANG_ENABLE_OBJC_ARC = YES;
				CLANG_WARN_BOOL_CONVERSION = YES;
				CLANG_WARN_CONSTANT_CONVERSION = YES;
				CLANG_WARN_DIRECT_OBJC_ISA_USAGE = YES_ERROR;
				CLANG_WARN_EMPTY_BODY = YES;
				CLANG_WARN_ENUM_CONVERSION = YES;
				CLANG_WARN_INT_CONVERSION = YES;
				CLANG_WARN_OBJC_ROOT_CLASS = YES_ERROR;
				CLANG_WARN_UNREACHABLE_CODE = YES;
				CLANG_WARN__DUPLICATE_METHOD_MATCH = YES;
				CODE_SIGN_IDENTITY = "iPhone Distribution: chaoxiao zhuang (398SEH57CU)";
				"CODE_SIGN_IDENTITY[sdk=iphoneos*]" = "iPhone Distribution: chaoxiao zhuang (398SEH57CU)";
				COPY_PHASE_STRIP = YES;
				ENABLE_NS_ASSERTIONS = NO;
				ENABLE_STRICT_OBJC_MSGSEND = YES;
				GCC_C_LANGUAGE_STANDARD = gnu99;
				GCC_WARN_64_TO_32_BIT_CONVERSION = YES;
				GCC_WARN_ABOUT_RETURN_TYPE = YES_ERROR;
				GCC_WARN_UNDECLARED_SELECTOR = YES;
				GCC_WARN_UNINITIALIZED_AUTOS = YES_AGGRESSIVE;
				GCC_WARN_UNUSED_FUNCTION = YES;
				GCC_WARN_UNUSED_VARIABLE = YES;
				IPHONEOS_DEPLOYMENT_TARGET = 8.1;
				MTL_ENABLE_DEBUG_INFO = NO;
				SDKROOT = iphoneos;
				VALIDATE_PRODUCT = YES;
			};
			name = Release;
		};
		486AE6111A52EA72002E75C6 /* Debug */ = {
			isa = XCBuildConfiguration;
			buildSettings = {
				ASSETCATALOG_COMPILER_APPICON_NAME = AppIcon;
				CODE_SIGN_IDENTITY = "iPhone Developer";
				INFOPLIST_FILE = NumTracker/Info.plist;
				IPHONEOS_DEPLOYMENT_TARGET = 7.0;
				LD_RUNPATH_SEARCH_PATHS = "$(inherited) @executable_path/Frameworks";
				LIBRARY_SEARCH_PATHS = (
					"$(inherited)",
					"$(PROJECT_DIR)/NumTracker/admob",
					"$(PROJECT_DIR)/NumTracker/WeChatSDK",
				);
				OTHER_LDFLAGS = "-ObjC";
				PRODUCT_NAME = "$(TARGET_NAME)";
			};
			name = Debug;
		};
		486AE6121A52EA72002E75C6 /* Release */ = {
			isa = XCBuildConfiguration;
			buildSettings = {
				ASSETCATALOG_COMPILER_APPICON_NAME = AppIcon;
				CODE_SIGN_IDENTITY = "iPhone Developer";
				INFOPLIST_FILE = NumTracker/Info.plist;
				IPHONEOS_DEPLOYMENT_TARGET = 7.0;
				LD_RUNPATH_SEARCH_PATHS = "$(inherited) @executable_path/Frameworks";
				LIBRARY_SEARCH_PATHS = (
					"$(inherited)",
					"$(PROJECT_DIR)/NumTracker/admob",
					"$(PROJECT_DIR)/NumTracker/WeChatSDK",
				);
				OTHER_LDFLAGS = "-ObjC";
				PRODUCT_NAME = "$(TARGET_NAME)";
			};
			name = Release;
		};
		486AE6141A52EA72002E75C6 /* Debug */ = {
			isa = XCBuildConfiguration;
			buildSettings = {
				BUNDLE_LOADER = "$(TEST_HOST)";
				FRAMEWORK_SEARCH_PATHS = (
					"$(SDKROOT)/Developer/Library/Frameworks",
					"$(inherited)",
				);
				GCC_PREPROCESSOR_DEFINITIONS = (
					"DEBUG=1",
					"$(inherited)",
				);
				INFOPLIST_FILE = NumTrackerTests/Info.plist;
				LD_RUNPATH_SEARCH_PATHS = "$(inherited) @executable_path/Frameworks @loader_path/Frameworks";
				PRODUCT_NAME = "$(TARGET_NAME)";
				TEST_HOST = "$(BUILT_PRODUCTS_DIR)/NumTracker.app/NumTracker";
			};
			name = Debug;
		};
		486AE6151A52EA72002E75C6 /* Release */ = {
			isa = XCBuildConfiguration;
			buildSettings = {
				BUNDLE_LOADER = "$(TEST_HOST)";
				FRAMEWORK_SEARCH_PATHS = (
					"$(SDKROOT)/Developer/Library/Frameworks",
					"$(inherited)",
				);
				INFOPLIST_FILE = NumTrackerTests/Info.plist;
				LD_RUNPATH_SEARCH_PATHS = "$(inherited) @executable_path/Frameworks @loader_path/Frameworks";
				PRODUCT_NAME = "$(TARGET_NAME)";
				TEST_HOST = "$(BUILT_PRODUCTS_DIR)/NumTracker.app/NumTracker";
			};
			name = Release;
		};
/* End XCBuildConfiguration section */

/* Begin XCConfigurationList section */
		486AE5E81A52EA72002E75C6 /* Build configuration list for PBXProject "NumTracker" */ = {
			isa = XCConfigurationList;
			buildConfigurations = (
				486AE60E1A52EA72002E75C6 /* Debug */,
				486AE60F1A52EA72002E75C6 /* Release */,
			);
			defaultConfigurationIsVisible = 0;
			defaultConfigurationName = Release;
		};
		486AE6101A52EA72002E75C6 /* Build configuration list for PBXNativeTarget "NumTracker" */ = {
			isa = XCConfigurationList;
			buildConfigurations = (
				486AE6111A52EA72002E75C6 /* Debug */,
				486AE6121A52EA72002E75C6 /* Release */,
			);
			defaultConfigurationIsVisible = 0;
			defaultConfigurationName = Release;
		};
		486AE6131A52EA72002E75C6 /* Build configuration list for PBXNativeTarget "NumTrackerTests" */ = {
			isa = XCConfigurationList;
			buildConfigurations = (
				486AE6141A52EA72002E75C6 /* Debug */,
				486AE6151A52EA72002E75C6 /* Release */,
			);
			defaultConfigurationIsVisible = 0;
			defaultConfigurationName = Release;
		};
/* End XCConfigurationList section */
	};
	rootObject = 486AE5E51A52EA72002E75C6 /* Project object */;
}
